
Microsoft Visual Studio Solution File, Format Version 11.00
# Visual Studio 2010
Project("{FAE04EC0-301F-11D3-BF4B-00C04F79EFBC}") = "AlarmWorkflow.Windows.IlsAnsbachOperationViewer", "OperationViewer\AlarmWorkflow.Windows.IlsAnsbachOperationViewer\AlarmWorkflow.Windows.IlsAnsbachOperationViewer.csproj", "{0770A0A2-1CFE-43A8-9EFC-D10298D18D6A}"
EndProject
Project("{FAE04EC0-301F-11D3-BF4B-00C04F79EFBC}") = "AlarmWorkflow.Windows.ILSDarmStadtOperationViewer", "OperationViewer\AlarmWorkflow.Windows.ILSDarmStadtOperationViewer\AlarmWorkflow.Windows.ILSDarmStadtOperationViewer.csproj", "{ED4B1379-5616-4676-B686-E84EC41B9047}"
EndProject
Project("{FAE04EC0-301F-11D3-BF4B-00C04F79EFBC}") = "AlarmWorkflow.Windows.CustomViewer", "OperationViewer\AlarmWorkflow.Windows.CustomViewer\AlarmWorkflow.Windows.CustomViewer.csproj", "{0424EAAA-6969-456D-9535-E10B309F13B9}"
EndProject
Global
	GlobalSection(SolutionConfigurationPlatforms) = preSolution
		Debug|Any CPU = Debug|Any CPU
		Release|Any CPU = Release|Any CPU
	EndGlobalSection
	GlobalSection(ProjectConfigurationPlatforms) = postSolution
		{0770A0A2-1CFE-43A8-9EFC-D10298D18D6A}.Debug|Any CPU.ActiveCfg = Debug|Any CPU
		{0770A0A2-1CFE-43A8-9EFC-D10298D18D6A}.Debug|Any CPU.Build.0 = Debug|Any CPU
		{0770A0A2-1CFE-43A8-9EFC-D10298D18D6A}.Release|Any CPU.ActiveCfg = Release|Any CPU
		{0770A0A2-1CFE-43A8-9EFC-D10298D18D6A}.Release|Any CPU.Build.0 = Release|Any CPU
		{ED4B1379-5616-4676-B686-E84EC41B9047}.Debug|Any CPU.ActiveCfg = Debug|Any CPU
		{ED4B1379-5616-4676-B686-E84EC41B9047}.Debug|Any CPU.Build.0 = Debug|Any CPU
		{ED4B1379-5616-4676-B686-E84EC41B9047}.Release|Any CPU.ActiveCfg = Release|Any CPU
		{ED4B1379-5616-4676-B686-E84EC41B9047}.Release|Any CPU.Build.0 = Release|Any CPU
		{0424EAAA-6969-456D-9535-E10B309F13B9}.Debug|Any CPU.ActiveCfg = Debug|Any CPU
		{0424EAAA-6969-456D-9535-E10B309F13B9}.Debug|Any CPU.Build.0 = Debug|Any CPU
		{0424EAAA-6969-456D-9535-E10B309F13B9}.Release|Any CPU.ActiveCfg = Release|Any CPU
		{0424EAAA-6969-456D-9535-E10B309F13B9}.Release|Any CPU.Build.0 = Release|Any CPU
	EndGlobalSection
	GlobalSection(SolutionProperties) = preSolution
		HideSolutionNode = FALSE
	EndGlobalSection
EndGlobal
