
Microsoft Visual Studio Solution File, Format Version 11.00
# Visual Studio 2010
Project("{FAE04EC0-301F-11D3-BF4B-00C04F79EFBC}") = "AlarmWorkflow.Windows.UI", "AlarmWorkflow.Windows.UI\AlarmWorkflow.Windows.UI.csproj", "{71CBE492-F506-4BA2-8C81-F6F268E55E53}"
EndProject
Project("{FAE04EC0-301F-11D3-BF4B-00C04F79EFBC}") = "AlarmWorkflow.Windows.UIContracts", "AlarmWorkflow.Windows.UIContracts\AlarmWorkflow.Windows.UIContracts.csproj", "{FDDD6A8B-8B81-4C2B-8D5E-FE82DEF0D9D1}"
EndProject
Project("{FAE04EC0-301F-11D3-BF4B-00C04F79EFBC}") = "AlarmWorkflow.Windows.ServiceMonitor", "ServiceMonitor\AlarmWorkflow.Windows.ServiceMonitor.csproj", "{842E9B6E-4F42-4DFE-8AAC-F49932560411}"
EndProject
Global
	GlobalSection(SolutionConfigurationPlatforms) = preSolution
		Debug|Any CPU = Debug|Any CPU
		Debug|AnyCPU = Debug|AnyCPU
		Debug|Mixed Platforms = Debug|Mixed Platforms
		Debug|x86 = Debug|x86
		Release|Any CPU = Release|Any CPU
		Release|AnyCPU = Release|AnyCPU
		Release|Mixed Platforms = Release|Mixed Platforms
		Release|x86 = Release|x86
	EndGlobalSection
	GlobalSection(ProjectConfigurationPlatforms) = postSolution
		{71CBE492-F506-4BA2-8C81-F6F268E55E53}.Debug|Any CPU.ActiveCfg = Debug|x86
		{71CBE492-F506-4BA2-8C81-F6F268E55E53}.Debug|Any CPU.Build.0 = Debug|x86
		{71CBE492-F506-4BA2-8C81-F6F268E55E53}.Debug|AnyCPU.ActiveCfg = Debug|x86
		{71CBE492-F506-4BA2-8C81-F6F268E55E53}.Debug|Mixed Platforms.ActiveCfg = Debug|x86
		{71CBE492-F506-4BA2-8C81-F6F268E55E53}.Debug|Mixed Platforms.Build.0 = Debug|x86
		{71CBE492-F506-4BA2-8C81-F6F268E55E53}.Debug|x86.ActiveCfg = Debug|x86
		{71CBE492-F506-4BA2-8C81-F6F268E55E53}.Debug|x86.Build.0 = Debug|x86
		{71CBE492-F506-4BA2-8C81-F6F268E55E53}.Release|Any CPU.ActiveCfg = Release|x86
		{71CBE492-F506-4BA2-8C81-F6F268E55E53}.Release|AnyCPU.ActiveCfg = Release|x86
		{71CBE492-F506-4BA2-8C81-F6F268E55E53}.Release|Mixed Platforms.ActiveCfg = Release|x86
		{71CBE492-F506-4BA2-8C81-F6F268E55E53}.Release|Mixed Platforms.Build.0 = Release|x86
		{71CBE492-F506-4BA2-8C81-F6F268E55E53}.Release|x86.ActiveCfg = Release|x86
		{71CBE492-F506-4BA2-8C81-F6F268E55E53}.Release|x86.Build.0 = Release|x86
		{FDDD6A8B-8B81-4C2B-8D5E-FE82DEF0D9D1}.Debug|Any CPU.ActiveCfg = Debug|Any CPU
		{FDDD6A8B-8B81-4C2B-8D5E-FE82DEF0D9D1}.Debug|Any CPU.Build.0 = Debug|Any CPU
		{FDDD6A8B-8B81-4C2B-8D5E-FE82DEF0D9D1}.Debug|AnyCPU.ActiveCfg = Debug|Any CPU
		{FDDD6A8B-8B81-4C2B-8D5E-FE82DEF0D9D1}.Debug|Mixed Platforms.ActiveCfg = Debug|Any CPU
		{FDDD6A8B-8B81-4C2B-8D5E-FE82DEF0D9D1}.Debug|Mixed Platforms.Build.0 = Debug|Any CPU
		{FDDD6A8B-8B81-4C2B-8D5E-FE82DEF0D9D1}.Debug|x86.ActiveCfg = Debug|Any CPU
		{FDDD6A8B-8B81-4C2B-8D5E-FE82DEF0D9D1}.Release|Any CPU.ActiveCfg = Release|Any CPU
		{FDDD6A8B-8B81-4C2B-8D5E-FE82DEF0D9D1}.Release|Any CPU.Build.0 = Release|Any CPU
		{FDDD6A8B-8B81-4C2B-8D5E-FE82DEF0D9D1}.Release|AnyCPU.ActiveCfg = Release|Any CPU
		{FDDD6A8B-8B81-4C2B-8D5E-FE82DEF0D9D1}.Release|Mixed Platforms.ActiveCfg = Release|Any CPU
		{FDDD6A8B-8B81-4C2B-8D5E-FE82DEF0D9D1}.Release|Mixed Platforms.Build.0 = Release|Any CPU
		{FDDD6A8B-8B81-4C2B-8D5E-FE82DEF0D9D1}.Release|x86.ActiveCfg = Release|Any CPU
		{842E9B6E-4F42-4DFE-8AAC-F49932560411}.Debug|Any CPU.ActiveCfg = Debug|x86
		{842E9B6E-4F42-4DFE-8AAC-F49932560411}.Debug|AnyCPU.ActiveCfg = Debug|x86
		{842E9B6E-4F42-4DFE-8AAC-F49932560411}.Debug|Mixed Platforms.ActiveCfg = Debug|x86
		{842E9B6E-4F42-4DFE-8AAC-F49932560411}.Debug|Mixed Platforms.Build.0 = Debug|x86
		{842E9B6E-4F42-4DFE-8AAC-F49932560411}.Debug|x86.ActiveCfg = Debug|x86
		{842E9B6E-4F42-4DFE-8AAC-F49932560411}.Debug|x86.Build.0 = Debug|x86
		{842E9B6E-4F42-4DFE-8AAC-F49932560411}.Release|Any CPU.ActiveCfg = Release|x86
		{842E9B6E-4F42-4DFE-8AAC-F49932560411}.Release|AnyCPU.ActiveCfg = Release|x86
		{842E9B6E-4F42-4DFE-8AAC-F49932560411}.Release|Mixed Platforms.ActiveCfg = Release|x86
		{842E9B6E-4F42-4DFE-8AAC-F49932560411}.Release|Mixed Platforms.Build.0 = Release|x86
		{842E9B6E-4F42-4DFE-8AAC-F49932560411}.Release|x86.ActiveCfg = Release|x86
		{842E9B6E-4F42-4DFE-8AAC-F49932560411}.Release|x86.Build.0 = Release|x86
	EndGlobalSection
	GlobalSection(SolutionProperties) = preSolution
		HideSolutionNode = FALSE
	EndGlobalSection
EndGlobal
