
Microsoft Visual Studio Solution File, Format Version 11.00
# Visual Studio 2010
Project("{FAE04EC0-301F-11D3-BF4B-00C04F79EFBC}") = "AlarmWorkflow.Windows.CustomViewer", "OperationViewer\AlarmWorkflow.Windows.CustomViewer\AlarmWorkflow.Windows.CustomViewer.csproj", "{0424EAAA-6969-456D-9535-E10B309F13B9}"
EndProject
Project("{FAE04EC0-301F-11D3-BF4B-00C04F79EFBC}") = "DefaultViewer", "OperationViewer\DefaultViewer\DefaultViewer.csproj", "{9720B0A8-8CCF-4912-A2E3-001C31CD407E}"
EndProject
Global
	GlobalSection(SolutionConfigurationPlatforms) = preSolution
		Debug|Any CPU = Debug|Any CPU
		Release|Any CPU = Release|Any CPU
	EndGlobalSection
	GlobalSection(ProjectConfigurationPlatforms) = postSolution
		{0424EAAA-6969-456D-9535-E10B309F13B9}.Debug|Any CPU.ActiveCfg = Debug|Any CPU
		{0424EAAA-6969-456D-9535-E10B309F13B9}.Debug|Any CPU.Build.0 = Debug|Any CPU
		{0424EAAA-6969-456D-9535-E10B309F13B9}.Release|Any CPU.ActiveCfg = Release|Any CPU
		{0424EAAA-6969-456D-9535-E10B309F13B9}.Release|Any CPU.Build.0 = Release|Any CPU
		{9720B0A8-8CCF-4912-A2E3-001C31CD407E}.Debug|Any CPU.ActiveCfg = Debug|Any CPU
		{9720B0A8-8CCF-4912-A2E3-001C31CD407E}.Debug|Any CPU.Build.0 = Debug|Any CPU
		{9720B0A8-8CCF-4912-A2E3-001C31CD407E}.Release|Any CPU.ActiveCfg = Release|Any CPU
		{9720B0A8-8CCF-4912-A2E3-001C31CD407E}.Release|Any CPU.Build.0 = Release|Any CPU
	EndGlobalSection
	GlobalSection(SolutionProperties) = preSolution
		HideSolutionNode = FALSE
	EndGlobalSection
EndGlobal
