
Microsoft Visual Studio Solution File, Format Version 11.00
# Visual Studio 2010
Project("{FAE04EC0-301F-11D3-BF4B-00C04F79EFBC}") = "AlarmWorkflow.Windows.Service", "AlarmWorkflow.Windows.Service\AlarmWorkflow.Windows.Service.csproj", "{009F4AA9-0C19-4BA4-8EEE-A115E6F517A3}"
EndProject
Project("{FAE04EC0-301F-11D3-BF4B-00C04F79EFBC}") = "AlarmWorkflow.Windows.UI", "AlarmWorkflow.Windows.UI\AlarmWorkflow.Windows.UI.csproj", "{71CBE492-F506-4BA2-8C81-F6F268E55E53}"
EndProject
Project("{FAE04EC0-301F-11D3-BF4B-00C04F79EFBC}") = "AlarmWorkflow.Windows.ServiceConsole", "AlarmWorkflow.Windows.ServiceConsole\AlarmWorkflow.Windows.ServiceConsole.csproj", "{1A24FC36-E80D-423C-A43B-FA513AEFCD33}"
EndProject
Project("{2150E333-8FDC-42A3-9474-1A3956D46DE8}") = "Service", "Service", "{D5F4E2EB-66B7-4191-BDC8-FCD64E742491}"
EndProject
Project("{2150E333-8FDC-42A3-9474-1A3956D46DE8}") = "UI", "UI", "{8B134F16-E519-4B33-A5E2-F11F7A33A66A}"
EndProject
Project("{2150E333-8FDC-42A3-9474-1A3956D46DE8}") = "OperationViewers", "OperationViewers", "{00557857-0F5B-48A3-916E-A365C08EE0F1}"
EndProject
Project("{FAE04EC0-301F-11D3-BF4B-00C04F79EFBC}") = "AlarmWorkflow.Windows.IlsAnsbachOperationViewer", "AlarmWorkflow.Windows.IlsAnsbachOperationViewer\AlarmWorkflow.Windows.IlsAnsbachOperationViewer.csproj", "{0770A0A2-1CFE-43A8-9EFC-D10298D18D6A}"
EndProject
Project("{2150E333-8FDC-42A3-9474-1A3956D46DE8}") = "UIJobs", "UIJobs", "{D820E4DA-4FEB-4CE8-B664-4D2E85C7EF4B}"
EndProject
Project("{FAE04EC0-301F-11D3-BF4B-00C04F79EFBC}") = "AlarmWorkflow.Windows.PrintingUIJob", "AlarmWorkflow.Windows.PrintingUIJob\AlarmWorkflow.Windows.PrintingUIJob.csproj", "{CAE3C967-E37D-49A6-BFDA-FCA3FF081187}"
EndProject
Global
	GlobalSection(SolutionConfigurationPlatforms) = preSolution
		Debug|Any CPU = Debug|Any CPU
		Debug|AnyCPU = Debug|AnyCPU
		Debug|Mixed Platforms = Debug|Mixed Platforms
		Debug|x86 = Debug|x86
		Release|Any CPU = Release|Any CPU
		Release|AnyCPU = Release|AnyCPU
		Release|Mixed Platforms = Release|Mixed Platforms
		Release|x86 = Release|x86
	EndGlobalSection
	GlobalSection(ProjectConfigurationPlatforms) = postSolution
		{009F4AA9-0C19-4BA4-8EEE-A115E6F517A3}.Debug|Any CPU.ActiveCfg = Debug|Any CPU
		{009F4AA9-0C19-4BA4-8EEE-A115E6F517A3}.Debug|Any CPU.Build.0 = Debug|Any CPU
		{009F4AA9-0C19-4BA4-8EEE-A115E6F517A3}.Debug|AnyCPU.ActiveCfg = Debug|Any CPU
		{009F4AA9-0C19-4BA4-8EEE-A115E6F517A3}.Debug|AnyCPU.Build.0 = Debug|Any CPU
		{009F4AA9-0C19-4BA4-8EEE-A115E6F517A3}.Debug|Mixed Platforms.ActiveCfg = Debug|Any CPU
		{009F4AA9-0C19-4BA4-8EEE-A115E6F517A3}.Debug|Mixed Platforms.Build.0 = Debug|Any CPU
		{009F4AA9-0C19-4BA4-8EEE-A115E6F517A3}.Debug|x86.ActiveCfg = Debug|Any CPU
		{009F4AA9-0C19-4BA4-8EEE-A115E6F517A3}.Release|Any CPU.ActiveCfg = Release|Any CPU
		{009F4AA9-0C19-4BA4-8EEE-A115E6F517A3}.Release|Any CPU.Build.0 = Release|Any CPU
		{009F4AA9-0C19-4BA4-8EEE-A115E6F517A3}.Release|AnyCPU.ActiveCfg = Release|Any CPU
		{009F4AA9-0C19-4BA4-8EEE-A115E6F517A3}.Release|AnyCPU.Build.0 = Release|Any CPU
		{009F4AA9-0C19-4BA4-8EEE-A115E6F517A3}.Release|Mixed Platforms.ActiveCfg = Release|Any CPU
		{009F4AA9-0C19-4BA4-8EEE-A115E6F517A3}.Release|Mixed Platforms.Build.0 = Release|Any CPU
		{009F4AA9-0C19-4BA4-8EEE-A115E6F517A3}.Release|x86.ActiveCfg = Release|Any CPU
		{71CBE492-F506-4BA2-8C81-F6F268E55E53}.Debug|Any CPU.ActiveCfg = Debug|x86
		{71CBE492-F506-4BA2-8C81-F6F268E55E53}.Debug|Any CPU.Build.0 = Debug|x86
		{71CBE492-F506-4BA2-8C81-F6F268E55E53}.Debug|AnyCPU.ActiveCfg = Debug|x86
		{71CBE492-F506-4BA2-8C81-F6F268E55E53}.Debug|Mixed Platforms.ActiveCfg = Debug|x86
		{71CBE492-F506-4BA2-8C81-F6F268E55E53}.Debug|Mixed Platforms.Build.0 = Debug|x86
		{71CBE492-F506-4BA2-8C81-F6F268E55E53}.Debug|x86.ActiveCfg = Debug|x86
		{71CBE492-F506-4BA2-8C81-F6F268E55E53}.Debug|x86.Build.0 = Debug|x86
		{71CBE492-F506-4BA2-8C81-F6F268E55E53}.Release|Any CPU.ActiveCfg = Release|x86
		{71CBE492-F506-4BA2-8C81-F6F268E55E53}.Release|AnyCPU.ActiveCfg = Release|x86
		{71CBE492-F506-4BA2-8C81-F6F268E55E53}.Release|Mixed Platforms.ActiveCfg = Release|x86
		{71CBE492-F506-4BA2-8C81-F6F268E55E53}.Release|Mixed Platforms.Build.0 = Release|x86
		{71CBE492-F506-4BA2-8C81-F6F268E55E53}.Release|x86.ActiveCfg = Release|x86
		{71CBE492-F506-4BA2-8C81-F6F268E55E53}.Release|x86.Build.0 = Release|x86
		{1A24FC36-E80D-423C-A43B-FA513AEFCD33}.Debug|Any CPU.ActiveCfg = Debug|x86
		{1A24FC36-E80D-423C-A43B-FA513AEFCD33}.Debug|Any CPU.Build.0 = Debug|x86
		{1A24FC36-E80D-423C-A43B-FA513AEFCD33}.Debug|AnyCPU.ActiveCfg = Debug|x86
		{1A24FC36-E80D-423C-A43B-FA513AEFCD33}.Debug|Mixed Platforms.ActiveCfg = Debug|x86
		{1A24FC36-E80D-423C-A43B-FA513AEFCD33}.Debug|Mixed Platforms.Build.0 = Debug|x86
		{1A24FC36-E80D-423C-A43B-FA513AEFCD33}.Debug|x86.ActiveCfg = Debug|x86
		{1A24FC36-E80D-423C-A43B-FA513AEFCD33}.Debug|x86.Build.0 = Debug|x86
		{1A24FC36-E80D-423C-A43B-FA513AEFCD33}.Release|Any CPU.ActiveCfg = Release|x86
		{1A24FC36-E80D-423C-A43B-FA513AEFCD33}.Release|AnyCPU.ActiveCfg = Release|x86
		{1A24FC36-E80D-423C-A43B-FA513AEFCD33}.Release|Mixed Platforms.ActiveCfg = Release|x86
		{1A24FC36-E80D-423C-A43B-FA513AEFCD33}.Release|Mixed Platforms.Build.0 = Release|x86
		{1A24FC36-E80D-423C-A43B-FA513AEFCD33}.Release|x86.ActiveCfg = Release|x86
		{1A24FC36-E80D-423C-A43B-FA513AEFCD33}.Release|x86.Build.0 = Release|x86
		{0770A0A2-1CFE-43A8-9EFC-D10298D18D6A}.Debug|Any CPU.ActiveCfg = Debug|Any CPU
		{0770A0A2-1CFE-43A8-9EFC-D10298D18D6A}.Debug|Any CPU.Build.0 = Debug|Any CPU
		{0770A0A2-1CFE-43A8-9EFC-D10298D18D6A}.Debug|AnyCPU.ActiveCfg = Debug|Any CPU
		{0770A0A2-1CFE-43A8-9EFC-D10298D18D6A}.Debug|Mixed Platforms.ActiveCfg = Debug|Any CPU
		{0770A0A2-1CFE-43A8-9EFC-D10298D18D6A}.Debug|Mixed Platforms.Build.0 = Debug|Any CPU
		{0770A0A2-1CFE-43A8-9EFC-D10298D18D6A}.Debug|x86.ActiveCfg = Debug|Any CPU
		{0770A0A2-1CFE-43A8-9EFC-D10298D18D6A}.Release|Any CPU.ActiveCfg = Release|Any CPU
		{0770A0A2-1CFE-43A8-9EFC-D10298D18D6A}.Release|Any CPU.Build.0 = Release|Any CPU
		{0770A0A2-1CFE-43A8-9EFC-D10298D18D6A}.Release|AnyCPU.ActiveCfg = Release|Any CPU
		{0770A0A2-1CFE-43A8-9EFC-D10298D18D6A}.Release|Mixed Platforms.ActiveCfg = Release|Any CPU
		{0770A0A2-1CFE-43A8-9EFC-D10298D18D6A}.Release|Mixed Platforms.Build.0 = Release|Any CPU
		{0770A0A2-1CFE-43A8-9EFC-D10298D18D6A}.Release|x86.ActiveCfg = Release|Any CPU
		{CAE3C967-E37D-49A6-BFDA-FCA3FF081187}.Debug|Any CPU.ActiveCfg = Debug|Any CPU
		{CAE3C967-E37D-49A6-BFDA-FCA3FF081187}.Debug|Any CPU.Build.0 = Debug|Any CPU
		{CAE3C967-E37D-49A6-BFDA-FCA3FF081187}.Debug|AnyCPU.ActiveCfg = Debug|Any CPU
		{CAE3C967-E37D-49A6-BFDA-FCA3FF081187}.Debug|Mixed Platforms.ActiveCfg = Debug|Any CPU
		{CAE3C967-E37D-49A6-BFDA-FCA3FF081187}.Debug|Mixed Platforms.Build.0 = Debug|Any CPU
		{CAE3C967-E37D-49A6-BFDA-FCA3FF081187}.Debug|x86.ActiveCfg = Debug|Any CPU
		{CAE3C967-E37D-49A6-BFDA-FCA3FF081187}.Release|Any CPU.ActiveCfg = Release|Any CPU
		{CAE3C967-E37D-49A6-BFDA-FCA3FF081187}.Release|Any CPU.Build.0 = Release|Any CPU
		{CAE3C967-E37D-49A6-BFDA-FCA3FF081187}.Release|AnyCPU.ActiveCfg = Release|Any CPU
		{CAE3C967-E37D-49A6-BFDA-FCA3FF081187}.Release|Mixed Platforms.ActiveCfg = Release|Any CPU
		{CAE3C967-E37D-49A6-BFDA-FCA3FF081187}.Release|Mixed Platforms.Build.0 = Release|Any CPU
		{CAE3C967-E37D-49A6-BFDA-FCA3FF081187}.Release|x86.ActiveCfg = Release|Any CPU
	EndGlobalSection
	GlobalSection(SolutionProperties) = preSolution
		HideSolutionNode = FALSE
	EndGlobalSection
	GlobalSection(NestedProjects) = preSolution
		{1A24FC36-E80D-423C-A43B-FA513AEFCD33} = {D5F4E2EB-66B7-4191-BDC8-FCD64E742491}
		{009F4AA9-0C19-4BA4-8EEE-A115E6F517A3} = {D5F4E2EB-66B7-4191-BDC8-FCD64E742491}
		{71CBE492-F506-4BA2-8C81-F6F268E55E53} = {8B134F16-E519-4B33-A5E2-F11F7A33A66A}
		{0770A0A2-1CFE-43A8-9EFC-D10298D18D6A} = {00557857-0F5B-48A3-916E-A365C08EE0F1}
		{CAE3C967-E37D-49A6-BFDA-FCA3FF081187} = {D820E4DA-4FEB-4CE8-B664-4D2E85C7EF4B}
	EndGlobalSection
EndGlobal
