
Microsoft Visual Studio Solution File, Format Version 11.00
# Visual Studio 2010
Project("{FAE04EC0-301F-11D3-BF4B-00C04F79EFBC}") = "WindowsUI", "WindowsUI\WindowsUI.csproj", "{71CBE492-F506-4BA2-8C81-F6F268E55E53}"
EndProject
Project("{FAE04EC0-301F-11D3-BF4B-00C04F79EFBC}") = "WindowsContracts", "WindowsContracts\WindowsContracts.csproj", "{FDDD6A8B-8B81-4C2B-8D5E-FE82DEF0D9D1}"
EndProject
Project("{FAE04EC0-301F-11D3-BF4B-00C04F79EFBC}") = "CustomViewer", "CustomViewer\CustomViewer.csproj", "{0424EAAA-6969-456D-9535-E10B309F13B9}"
EndProject
Global
	GlobalSection(SolutionConfigurationPlatforms) = preSolution
		Debug|Any CPU = Debug|Any CPU
		Release|Any CPU = Release|Any CPU
	EndGlobalSection
	GlobalSection(ProjectConfigurationPlatforms) = postSolution
		{71CBE492-F506-4BA2-8C81-F6F268E55E53}.Debug|Any CPU.ActiveCfg = Debug|Any CPU
		{71CBE492-F506-4BA2-8C81-F6F268E55E53}.Debug|Any CPU.Build.0 = Debug|Any CPU
		{71CBE492-F506-4BA2-8C81-F6F268E55E53}.Release|Any CPU.ActiveCfg = Release|Any CPU
		{71CBE492-F506-4BA2-8C81-F6F268E55E53}.Release|Any CPU.Build.0 = Release|Any CPU
		{FDDD6A8B-8B81-4C2B-8D5E-FE82DEF0D9D1}.Debug|Any CPU.ActiveCfg = Debug|Any CPU
		{FDDD6A8B-8B81-4C2B-8D5E-FE82DEF0D9D1}.Debug|Any CPU.Build.0 = Debug|Any CPU
		{FDDD6A8B-8B81-4C2B-8D5E-FE82DEF0D9D1}.Release|Any CPU.ActiveCfg = Release|Any CPU
		{FDDD6A8B-8B81-4C2B-8D5E-FE82DEF0D9D1}.Release|Any CPU.Build.0 = Release|Any CPU
		{0424EAAA-6969-456D-9535-E10B309F13B9}.Debug|Any CPU.ActiveCfg = Debug|Any CPU
		{0424EAAA-6969-456D-9535-E10B309F13B9}.Debug|Any CPU.Build.0 = Debug|Any CPU
		{0424EAAA-6969-456D-9535-E10B309F13B9}.Release|Any CPU.ActiveCfg = Release|Any CPU
		{0424EAAA-6969-456D-9535-E10B309F13B9}.Release|Any CPU.Build.0 = Release|Any CPU
	EndGlobalSection
	GlobalSection(SolutionProperties) = preSolution
		HideSolutionNode = FALSE
	EndGlobalSection
EndGlobal
