
Microsoft Visual Studio Solution File, Format Version 10.00
# Visual Studio 2008
# SharpDevelop 3.0.0.3800
Project("{FAE04EC0-301F-11D3-BF4B-00C04F79EFBC}") = "AlarmworkflowApp", "AlarmworkflowApp\trunk\AlarmworkflowApp.csproj", "{6C23EF97-0DA8-455D-86D9-7D5725F10CDD}"
EndProject
Project("{FAE04EC0-301F-11D3-BF4B-00C04F79EFBC}") = "AlarmworkflowCodeLib", "AlarmworkflowCodeLib\trunk\AlarmworkflowCodeLib.csproj", "{EFEC4774-D387-4903-8A00-357EBE9B683B}"
EndProject
Project("{FAE04EC0-301F-11D3-BF4B-00C04F79EFBC}") = "AlarmworkflowService", "AlarmworkflowService\trunk\AlarmworkflowService.csproj", "{F1405A4B-78DA-499D-A321-CBAC09315ACB}"
EndProject
Global
	GlobalSection(SolutionConfigurationPlatforms) = preSolution
		Debug|Any CPU = Debug|Any CPU
		Release|Any CPU = Release|Any CPU
	EndGlobalSection
	GlobalSection(ProjectConfigurationPlatforms) = postSolution
		{6C23EF97-0DA8-455D-86D9-7D5725F10CDD}.Debug|Any CPU.Build.0 = Debug|Any CPU
		{6C23EF97-0DA8-455D-86D9-7D5725F10CDD}.Debug|Any CPU.ActiveCfg = Debug|Any CPU
		{6C23EF97-0DA8-455D-86D9-7D5725F10CDD}.Release|Any CPU.Build.0 = Release|Any CPU
		{6C23EF97-0DA8-455D-86D9-7D5725F10CDD}.Release|Any CPU.ActiveCfg = Release|Any CPU
		{EFEC4774-D387-4903-8A00-357EBE9B683B}.Debug|Any CPU.Build.0 = Debug|Any CPU
		{EFEC4774-D387-4903-8A00-357EBE9B683B}.Debug|Any CPU.ActiveCfg = Debug|Any CPU
		{EFEC4774-D387-4903-8A00-357EBE9B683B}.Release|Any CPU.Build.0 = Release|Any CPU
		{EFEC4774-D387-4903-8A00-357EBE9B683B}.Release|Any CPU.ActiveCfg = Release|Any CPU
		{F1405A4B-78DA-499D-A321-CBAC09315ACB}.Debug|Any CPU.Build.0 = Debug|Any CPU
		{F1405A4B-78DA-499D-A321-CBAC09315ACB}.Debug|Any CPU.ActiveCfg = Debug|Any CPU
		{F1405A4B-78DA-499D-A321-CBAC09315ACB}.Release|Any CPU.Build.0 = Release|Any CPU
		{F1405A4B-78DA-499D-A321-CBAC09315ACB}.Release|Any CPU.ActiveCfg = Release|Any CPU
	EndGlobalSection
EndGlobal
