
Microsoft Visual Studio Solution File, Format Version 12.00
# Visual Studio 15
VisualStudioVersion = 15.0.27703.2047
MinimumVisualStudioVersion = 10.0.40219.1
Project("{9A19103F-16F7-4668-BE54-9A1E7A4F7556}") = "Fax", "AlarmSources\Fax\Fax.csproj", "{32F1988F-1EBF-476E-A882-A7145267C5DB}"
EndProject
Project("{9A19103F-16F7-4668-BE54-9A1E7A4F7556}") = "Sms", "AlarmSources\Sms\Sms.csproj", "{F8AB12D3-A2D6-4208-8029-8C51BE8BC203}"
EndProject
Project("{9A19103F-16F7-4668-BE54-9A1E7A4F7556}") = "Mail", "AlarmSources\Mail\Mail.csproj", "{02413C11-2F8A-404E-9D66-40AE7ED13283}"
EndProject
Project("{9A19103F-16F7-4668-BE54-9A1E7A4F7556}") = "Network", "AlarmSources\Network\Network.csproj", "{58E3F6F2-3020-4239-B674-E9A41B9015BE}"
EndProject
Project("{2150E333-8FDC-42A3-9474-1A3956D46DE8}") = "AlarmSources", "AlarmSources", "{DCAC6322-14B1-40F6-AEF4-5F97968F38B5}"
EndProject
Project("{2150E333-8FDC-42A3-9474-1A3956D46DE8}") = "Shared", "Shared", "{9ACBC45E-EF9D-42D6-B074-BE4D841B8C29}"
EndProject
Project("{9A19103F-16F7-4668-BE54-9A1E7A4F7556}") = "Shared", "Shared\Shared\Shared.csproj", "{88F5EA65-BD60-4D58-89A4-36FCBE35C4EE}"
EndProject
Project("{2150E333-8FDC-42A3-9474-1A3956D46DE8}") = "Backend", "Backend", "{B68F91B3-2696-4CDD-B79B-3D7399D048E9}"
EndProject
Project("{2150E333-8FDC-42A3-9474-1A3956D46DE8}") = "BackendServices", "BackendServices", "{4B74BA8A-8D31-4992-869F-EA2898B6D46C}"
EndProject
Project("{2150E333-8FDC-42A3-9474-1A3956D46DE8}") = "Configuration", "Configuration", "{7C008B12-9E98-49D6-9BEA-AC1D657C6CA4}"
EndProject
Project("{2150E333-8FDC-42A3-9474-1A3956D46DE8}") = "Jobs", "Jobs", "{9916610A-E162-4D58-9BF9-3189D72D1147}"
EndProject
Project("{2150E333-8FDC-42A3-9474-1A3956D46DE8}") = "Tools", "Tools", "{B3D0B55F-8B17-4B4C-8E2E-737024F8BDDA}"
EndProject
Project("{2150E333-8FDC-42A3-9474-1A3956D46DE8}") = "Windows", "Windows", "{9AF5C579-A6E0-40F4-8D74-9C498A29A849}"
EndProject
Project("{2150E333-8FDC-42A3-9474-1A3956D46DE8}") = "WindowsUIWidgets", "WindowsUIWidgets", "{D57E8B5B-51EF-4250-A827-93528F751AA5}"
EndProject
Project("{9A19103F-16F7-4668-BE54-9A1E7A4F7556}") = "Service", "Backend\Service\Service.csproj", "{009F4AA9-0C19-4BA4-8EEE-A115E6F517A3}"
EndProject
Project("{9A19103F-16F7-4668-BE54-9A1E7A4F7556}") = "ServiceConsole", "Backend\ServiceConsole\ServiceConsole.csproj", "{1A24FC36-E80D-423C-A43B-FA513AEFCD33}"
EndProject
Project("{9A19103F-16F7-4668-BE54-9A1E7A4F7556}") = "ServiceContracts", "Backend\ServiceContracts\ServiceContracts.csproj", "{842432FD-D1D8-41DA-B142-DC71A9111D30}"
EndProject
Project("{9A19103F-16F7-4668-BE54-9A1E7A4F7556}") = "Data", "Backend\Data\Data.csproj", "{0D70923D-E061-469A-B0AB-E4F549E49EB4}"
EndProject
Project("{9A19103F-16F7-4668-BE54-9A1E7A4F7556}") = "Engine", "BackendServices\Engine\Engine.csproj", "{7504D66B-21FE-423A-BD35-F7D4B1DEC810}"
EndProject
Project("{9A19103F-16F7-4668-BE54-9A1E7A4F7556}") = "Settings", "BackendServices\Settings\Settings.csproj", "{BD279236-D4CA-4C87-981E-C7471B9F0738}"
EndProject
Project("{9A19103F-16F7-4668-BE54-9A1E7A4F7556}") = "SettingsContracts", "BackendServices\SettingsContracts\SettingsContracts.csproj", "{D70E60BA-C553-441F-BE54-C0818F35178D}"
EndProject
Project("{9A19103F-16F7-4668-BE54-9A1E7A4F7556}") = "EngineContracts", "BackendServices\EngineContracts\EngineContracts.csproj", "{212607DC-0184-4AE6-8E20-F5DBC2420E2E}"
EndProject
Project("{9A19103F-16F7-4668-BE54-9A1E7A4F7556}") = "ManagementContracts", "BackendServices\ManagementContracts\ManagementContracts.csproj", "{C15EE730-168F-4D86-AF67-4F74E116089A}"
EndProject
Project("{9A19103F-16F7-4668-BE54-9A1E7A4F7556}") = "Management", "BackendServices\Management\Management.csproj", "{6EF320FA-CA0A-4BD8-A19A-4AAC3688378A}"
EndProject
Project("{9A19103F-16F7-4668-BE54-9A1E7A4F7556}") = "AddressingContracts", "BackendServices\AddressingContracts\AddressingContracts.csproj", "{E831EFFA-1B9B-4250-9BB6-4841DCD95E85}"
EndProject
Project("{9A19103F-16F7-4668-BE54-9A1E7A4F7556}") = "Addressing", "BackendServices\Addressing\Addressing.csproj", "{4C08F812-B3F2-46B3-92C2-D589BD8FB488}"
EndProject
Project("{9A19103F-16F7-4668-BE54-9A1E7A4F7556}") = "SystemContracts", "BackendServices\SystemContracts\SystemContracts.csproj", "{722742A1-E6FD-44A0-895D-DE046B31D1DD}"
EndProject
Project("{9A19103F-16F7-4668-BE54-9A1E7A4F7556}") = "System", "BackendServices\System\System.csproj", "{51872E19-62AE-457A-A58A-4CCB39492DD1}"
EndProject
Project("{9A19103F-16F7-4668-BE54-9A1E7A4F7556}") = "FileTransferContracts", "BackendServices\FileTransferContracts\FileTransferContracts.csproj", "{8CA87188-97D0-415D-885B-E2430A709CA5}"
EndProject
Project("{9A19103F-16F7-4668-BE54-9A1E7A4F7556}") = "FileTransfer", "BackendServices\FileTransfer\FileTransfer.csproj", "{B30426A1-37DA-4BA4-A30C-B84749BDBE0C}"
EndProject
Project("{9A19103F-16F7-4668-BE54-9A1E7A4F7556}") = "DispositioningContracts", "BackendServices\DispositioningContracts\DispositioningContracts.csproj", "{43281D76-D0C3-49EF-A411-57941759825A}"
EndProject
Project("{9A19103F-16F7-4668-BE54-9A1E7A4F7556}") = "Dispositioning", "BackendServices\Dispositioning\Dispositioning.csproj", "{CE87D793-DFAB-4496-ABB2-2648CE1EA2BF}"
EndProject
Project("{9A19103F-16F7-4668-BE54-9A1E7A4F7556}") = "Printing", "BackendServices\Printing\Printing.csproj", "{56F8EB6E-A372-4FF1-A7E7-5BA191373807}"
	ProjectSection(ProjectDependencies) = postProject
		{256F334F-D344-4FCC-BDBD-1BF489F40828} = {256F334F-D344-4FCC-BDBD-1BF489F40828}
	EndProjectSection
EndProject
Project("{9A19103F-16F7-4668-BE54-9A1E7A4F7556}") = "PrintingContracts", "BackendServices\PrintingContracts\PrintingContracts.csproj", "{256F334F-D344-4FCC-BDBD-1BF489F40828}"
EndProject
Project("{9A19103F-16F7-4668-BE54-9A1E7A4F7556}") = "Configuration", "Configuration\Configuration\Configuration.csproj", "{6B1BE39A-E772-4FE3-A552-0149A58F58E3}"
EndProject
Project("{9A19103F-16F7-4668-BE54-9A1E7A4F7556}") = "ConfigurationContracts", "Configuration\ConfigurationContracts\ConfigurationContracts.csproj", "{074FB127-C2E8-4B81-9579-EBB0D496659B}"
EndProject
Project("{9A19103F-16F7-4668-BE54-9A1E7A4F7556}") = "AddressBookEditor", "Configuration\AddressBookEditor\AddressBookEditor.csproj", "{95E8F309-98EF-47BC-B953-C6D58AE62BD1}"
EndProject
Project("{2150E333-8FDC-42A3-9474-1A3956D46DE8}") = "Engine", "Engine", "{F1FDC9F3-3E6C-4610-A2CC-92E5D90E6B93}"
EndProject
Project("{2150E333-8FDC-42A3-9474-1A3956D46DE8}") = "WindowsUI", "WindowsUI", "{C80AFF08-658C-4A71-8D72-AB2E5D9EF5B0}"
EndProject
Project("{9A19103F-16F7-4668-BE54-9A1E7A4F7556}") = "Sms", "Jobs\Engine\Sms\Sms.csproj", "{1CBE9FB3-A3F1-4E30-A330-386A58FE51D0}"
EndProject
Project("{9A19103F-16F7-4668-BE54-9A1E7A4F7556}") = "Mailing", "Jobs\Engine\Mailing\Mailing.csproj", "{AD86EEB7-1991-44C6-94C9-48381A33D63A}"
EndProject
Project("{9A19103F-16F7-4668-BE54-9A1E7A4F7556}") = "DisplayWakeUp", "Jobs\Engine\DisplayWakeUp\DisplayWakeUp.csproj", "{D3E75ABB-8816-4E2A-B107-87C393CE96F6}"
EndProject
Project("{9A19103F-16F7-4668-BE54-9A1E7A4F7556}") = "eAlarm", "Jobs\Engine\eAlarm\eAlarm.csproj", "{79D2FA21-105A-447A-98FE-44A3FCDA4CAA}"
EndProject
Project("{9A19103F-16F7-4668-BE54-9A1E7A4F7556}") = "AlarmSourcePrinter", "Jobs\Engine\AlarmSourcePrinter\AlarmSourcePrinter.csproj", "{27EE337B-3AA5-41B1-AB0B-3C114EA64105}"
EndProject
Project("{9A19103F-16F7-4668-BE54-9A1E7A4F7556}") = "Push", "Jobs\Engine\Push\Push.csproj", "{9A6598BB-3ED1-46A0-ADDC-98E53655BF76}"
EndProject
Project("{9A19103F-16F7-4668-BE54-9A1E7A4F7556}") = "OperationLoopFetcher", "Jobs\Engine\OperationLoopFetcher\OperationLoopFetcher.csproj", "{3E244964-D13D-4B5E-8903-02C310D1B945}"
EndProject
Project("{9A19103F-16F7-4668-BE54-9A1E7A4F7556}") = "OperationPrinter", "Jobs\Engine\OperationPrinter\OperationPrinter.csproj", "{BA0DD586-4E5A-4FF5-9614-612AF6BBED91}"
EndProject
Project("{9A19103F-16F7-4668-BE54-9A1E7A4F7556}") = "OperationFileExporter", "Jobs\Engine\OperationFileExporter\OperationFileExporter.csproj", "{A3330855-6E0C-4A51-98C1-D6FC7848CCE0}"
EndProject
Project("{9A19103F-16F7-4668-BE54-9A1E7A4F7556}") = "Geocoding", "Jobs\Engine\Geocoding\Geocoding.csproj", "{EB1691B7-C2CD-4C20-9105-95965BBF3E07}"
EndProject
Project("{2150E333-8FDC-42A3-9474-1A3956D46DE8}") = "Test and Tools", "Test and Tools", "{528D2D19-3752-47CC-A9A7-CB8CA8CAB656}"
EndProject
Project("{9A19103F-16F7-4668-BE54-9A1E7A4F7556}") = "OperationPrinter.Tool", "Jobs\Engine\OperationPrinter.Tool\OperationPrinter.Tool.csproj", "{E28CF343-660C-48BB-9D34-07BB23F662B2}"
EndProject
Project("{9A19103F-16F7-4668-BE54-9A1E7A4F7556}") = "Geocoding.Test", "Jobs\Engine\Geocoding.Test\Geocoding.Test.csproj", "{CD82FA31-F7A7-43C6-A6C4-EB4AEB270828}"
EndProject
Project("{9A19103F-16F7-4668-BE54-9A1E7A4F7556}") = "ExternalTool", "Jobs\Engine\ExternalTool\ExternalTool.csproj", "{08E9C3C0-B1CF-4E6F-8BF1-46BA799E8D48}"
EndProject
Project("{9A19103F-16F7-4668-BE54-9A1E7A4F7556}") = "ExternalToolUI", "Jobs\WindowsUI\ExternalToolUI\ExternalToolUI.csproj", "{CF979D27-9E99-47CF-B943-80A59D892E82}"
EndProject
Project("{9A19103F-16F7-4668-BE54-9A1E7A4F7556}") = "DispatchingTool", "Tools\DispatchingTool\DispatchingTool.csproj", "{FDDF8FE0-AA7B-45B9-B2BB-ED48A95B454B}"
EndProject
Project("{9A19103F-16F7-4668-BE54-9A1E7A4F7556}") = "WindowsUI", "Windows\WindowsUI\WindowsUI.csproj", "{71CBE492-F506-4BA2-8C81-F6F268E55E53}"
	ProjectSection(ProjectDependencies) = postProject
		{0424EAAA-6969-456D-9535-E10B309F13B9} = {0424EAAA-6969-456D-9535-E10B309F13B9}
	EndProjectSection
EndProject
Project("{9A19103F-16F7-4668-BE54-9A1E7A4F7556}") = "WindowsContracts", "Windows\WindowsContracts\WindowsContracts.csproj", "{FDDD6A8B-8B81-4C2B-8D5E-FE82DEF0D9D1}"
EndProject
Project("{9A19103F-16F7-4668-BE54-9A1E7A4F7556}") = "CustomViewer", "Windows\CustomViewer\CustomViewer.csproj", "{0424EAAA-6969-456D-9535-E10B309F13B9}"
EndProject
Project("{9A19103F-16F7-4668-BE54-9A1E7A4F7556}") = "GoogleMaps", "WindowsUIWidgets\GoogleMaps\GoogleMaps.csproj", "{60074070-389C-49EE-AD30-4A9F96448CE8}"
EndProject
Project("{9A19103F-16F7-4668-BE54-9A1E7A4F7556}") = "Clock", "WindowsUIWidgets\Clock\Clock.csproj", "{81F484AF-A6C8-4F1E-A8FD-67235D26E43D}"
EndProject
Project("{9A19103F-16F7-4668-BE54-9A1E7A4F7556}") = "Operation", "WindowsUIWidgets\Operation\Operation.csproj", "{444E7C6E-ED56-4586-8E94-F0F1685261A1}"
EndProject
Project("{9A19103F-16F7-4668-BE54-9A1E7A4F7556}") = "OSM", "WindowsUIWidgets\OSM\OSM.csproj", "{8A46017A-8DDC-4738-B46D-C5C442529040}"
EndProject
Project("{9A19103F-16F7-4668-BE54-9A1E7A4F7556}") = "Browser", "WindowsUIWidgets\Browser\Browser.csproj", "{828DC968-25EA-47F0-B744-83B37928C4AE}"
EndProject
Project("{9A19103F-16F7-4668-BE54-9A1E7A4F7556}") = "Resources", "WindowsUIWidgets\Resources\Resources.csproj", "{8826E07D-B0F2-4710-86E0-B88A24EA8551}"
EndProject
Project("{9A19103F-16F7-4668-BE54-9A1E7A4F7556}") = "Alarmiator", "Jobs\Engine\Alarmiator\Alarmiator.csproj", "{4FA44261-EE9E-4954-B4D3-E61CEF712F8C}"
EndProject
Project("{9A19103F-16F7-4668-BE54-9A1E7A4F7556}") = "SharedTests", "Shared\SharedTests\SharedTests.csproj", "{98C06DE1-A6B9-41A9-BE16-70D7B80BE773}"
EndProject
Project("{2150E333-8FDC-42A3-9474-1A3956D46DE8}") = "Tests", "Tests", "{87126ED1-752D-4708-9F01-554137D1E176}"
EndProject
Project("{9A19103F-16F7-4668-BE54-9A1E7A4F7556}") = "AddressingTests", "BackendServices\AddressingTests\AddressingTests.csproj", "{714EBD7F-3511-429A-ACB5-1ECD71AAF935}"
EndProject
Project("{9A19103F-16F7-4668-BE54-9A1E7A4F7556}") = "ManagementTests", "BackendServices\ManagementTests\ManagementTests.csproj", "{8CA65380-6D2F-4B0E-BB07-66BE295CC3F9}"
EndProject
Project("{2150E333-8FDC-42A3-9474-1A3956D46DE8}") = "Parsers", "Parsers", "{1154C351-1295-497D-B300-7A730E35E440}"
EndProject
Project("{9A19103F-16F7-4668-BE54-9A1E7A4F7556}") = "Parsers", "Parsers\Library\Parsers.csproj", "{CB275133-F6E8-4941-97A9-904806A7D0E9}"
EndProject
Project("{9A19103F-16F7-4668-BE54-9A1E7A4F7556}") = "Parsers.Test", "Parsers\Parsers.Test\Parsers.Test.csproj", "{469BB856-FA56-457D-AC00-40F0766EBF1B}"
EndProject
Project("{9A19103F-16F7-4668-BE54-9A1E7A4F7556}") = "Divera", "Jobs\Engine\Divera\Divera.csproj", "{119BB0EA-8565-456E-A4E9-6B7DCFCDDB39}"
EndProject
Global
	GlobalSection(SolutionConfigurationPlatforms) = preSolution
		Debug|Any CPU = Debug|Any CPU
		Release|Any CPU = Release|Any CPU
	EndGlobalSection
	GlobalSection(ProjectConfigurationPlatforms) = postSolution
		{32F1988F-1EBF-476E-A882-A7145267C5DB}.Debug|Any CPU.ActiveCfg = Debug|Any CPU
		{32F1988F-1EBF-476E-A882-A7145267C5DB}.Debug|Any CPU.Build.0 = Debug|Any CPU
		{32F1988F-1EBF-476E-A882-A7145267C5DB}.Release|Any CPU.ActiveCfg = Release|Any CPU
		{32F1988F-1EBF-476E-A882-A7145267C5DB}.Release|Any CPU.Build.0 = Release|Any CPU
		{F8AB12D3-A2D6-4208-8029-8C51BE8BC203}.Debug|Any CPU.ActiveCfg = Debug|Any CPU
		{F8AB12D3-A2D6-4208-8029-8C51BE8BC203}.Debug|Any CPU.Build.0 = Debug|Any CPU
		{F8AB12D3-A2D6-4208-8029-8C51BE8BC203}.Release|Any CPU.ActiveCfg = Release|Any CPU
		{F8AB12D3-A2D6-4208-8029-8C51BE8BC203}.Release|Any CPU.Build.0 = Release|Any CPU
		{02413C11-2F8A-404E-9D66-40AE7ED13283}.Debug|Any CPU.ActiveCfg = Debug|Any CPU
		{02413C11-2F8A-404E-9D66-40AE7ED13283}.Debug|Any CPU.Build.0 = Debug|Any CPU
		{02413C11-2F8A-404E-9D66-40AE7ED13283}.Release|Any CPU.ActiveCfg = Release|Any CPU
		{02413C11-2F8A-404E-9D66-40AE7ED13283}.Release|Any CPU.Build.0 = Release|Any CPU
		{58E3F6F2-3020-4239-B674-E9A41B9015BE}.Debug|Any CPU.ActiveCfg = Debug|Any CPU
		{58E3F6F2-3020-4239-B674-E9A41B9015BE}.Debug|Any CPU.Build.0 = Debug|Any CPU
		{58E3F6F2-3020-4239-B674-E9A41B9015BE}.Release|Any CPU.ActiveCfg = Release|Any CPU
		{58E3F6F2-3020-4239-B674-E9A41B9015BE}.Release|Any CPU.Build.0 = Release|Any CPU
		{88F5EA65-BD60-4D58-89A4-36FCBE35C4EE}.Debug|Any CPU.ActiveCfg = Debug|Any CPU
		{88F5EA65-BD60-4D58-89A4-36FCBE35C4EE}.Debug|Any CPU.Build.0 = Debug|Any CPU
		{88F5EA65-BD60-4D58-89A4-36FCBE35C4EE}.Release|Any CPU.ActiveCfg = Release|Any CPU
		{88F5EA65-BD60-4D58-89A4-36FCBE35C4EE}.Release|Any CPU.Build.0 = Release|Any CPU
		{009F4AA9-0C19-4BA4-8EEE-A115E6F517A3}.Debug|Any CPU.ActiveCfg = Debug|Any CPU
		{009F4AA9-0C19-4BA4-8EEE-A115E6F517A3}.Debug|Any CPU.Build.0 = Debug|Any CPU
		{009F4AA9-0C19-4BA4-8EEE-A115E6F517A3}.Release|Any CPU.ActiveCfg = Release|Any CPU
		{009F4AA9-0C19-4BA4-8EEE-A115E6F517A3}.Release|Any CPU.Build.0 = Release|Any CPU
		{1A24FC36-E80D-423C-A43B-FA513AEFCD33}.Debug|Any CPU.ActiveCfg = Debug|Any CPU
		{1A24FC36-E80D-423C-A43B-FA513AEFCD33}.Debug|Any CPU.Build.0 = Debug|Any CPU
		{1A24FC36-E80D-423C-A43B-FA513AEFCD33}.Release|Any CPU.ActiveCfg = Release|Any CPU
		{1A24FC36-E80D-423C-A43B-FA513AEFCD33}.Release|Any CPU.Build.0 = Release|Any CPU
		{842432FD-D1D8-41DA-B142-DC71A9111D30}.Debug|Any CPU.ActiveCfg = Debug|Any CPU
		{842432FD-D1D8-41DA-B142-DC71A9111D30}.Debug|Any CPU.Build.0 = Debug|Any CPU
		{842432FD-D1D8-41DA-B142-DC71A9111D30}.Release|Any CPU.ActiveCfg = Release|Any CPU
		{842432FD-D1D8-41DA-B142-DC71A9111D30}.Release|Any CPU.Build.0 = Release|Any CPU
		{0D70923D-E061-469A-B0AB-E4F549E49EB4}.Debug|Any CPU.ActiveCfg = Debug|Any CPU
		{0D70923D-E061-469A-B0AB-E4F549E49EB4}.Debug|Any CPU.Build.0 = Debug|Any CPU
		{0D70923D-E061-469A-B0AB-E4F549E49EB4}.Release|Any CPU.ActiveCfg = Release|Any CPU
		{0D70923D-E061-469A-B0AB-E4F549E49EB4}.Release|Any CPU.Build.0 = Release|Any CPU
		{7504D66B-21FE-423A-BD35-F7D4B1DEC810}.Debug|Any CPU.ActiveCfg = Debug|Any CPU
		{7504D66B-21FE-423A-BD35-F7D4B1DEC810}.Debug|Any CPU.Build.0 = Debug|Any CPU
		{7504D66B-21FE-423A-BD35-F7D4B1DEC810}.Release|Any CPU.ActiveCfg = Release|Any CPU
		{7504D66B-21FE-423A-BD35-F7D4B1DEC810}.Release|Any CPU.Build.0 = Release|Any CPU
		{BD279236-D4CA-4C87-981E-C7471B9F0738}.Debug|Any CPU.ActiveCfg = Debug|Any CPU
		{BD279236-D4CA-4C87-981E-C7471B9F0738}.Debug|Any CPU.Build.0 = Debug|Any CPU
		{BD279236-D4CA-4C87-981E-C7471B9F0738}.Release|Any CPU.ActiveCfg = Release|Any CPU
		{BD279236-D4CA-4C87-981E-C7471B9F0738}.Release|Any CPU.Build.0 = Release|Any CPU
		{D70E60BA-C553-441F-BE54-C0818F35178D}.Debug|Any CPU.ActiveCfg = Debug|Any CPU
		{D70E60BA-C553-441F-BE54-C0818F35178D}.Debug|Any CPU.Build.0 = Debug|Any CPU
		{D70E60BA-C553-441F-BE54-C0818F35178D}.Release|Any CPU.ActiveCfg = Release|Any CPU
		{D70E60BA-C553-441F-BE54-C0818F35178D}.Release|Any CPU.Build.0 = Release|Any CPU
		{212607DC-0184-4AE6-8E20-F5DBC2420E2E}.Debug|Any CPU.ActiveCfg = Debug|Any CPU
		{212607DC-0184-4AE6-8E20-F5DBC2420E2E}.Debug|Any CPU.Build.0 = Debug|Any CPU
		{212607DC-0184-4AE6-8E20-F5DBC2420E2E}.Release|Any CPU.ActiveCfg = Release|Any CPU
		{212607DC-0184-4AE6-8E20-F5DBC2420E2E}.Release|Any CPU.Build.0 = Release|Any CPU
		{C15EE730-168F-4D86-AF67-4F74E116089A}.Debug|Any CPU.ActiveCfg = Debug|Any CPU
		{C15EE730-168F-4D86-AF67-4F74E116089A}.Debug|Any CPU.Build.0 = Debug|Any CPU
		{C15EE730-168F-4D86-AF67-4F74E116089A}.Release|Any CPU.ActiveCfg = Release|Any CPU
		{C15EE730-168F-4D86-AF67-4F74E116089A}.Release|Any CPU.Build.0 = Release|Any CPU
		{6EF320FA-CA0A-4BD8-A19A-4AAC3688378A}.Debug|Any CPU.ActiveCfg = Debug|Any CPU
		{6EF320FA-CA0A-4BD8-A19A-4AAC3688378A}.Debug|Any CPU.Build.0 = Debug|Any CPU
		{6EF320FA-CA0A-4BD8-A19A-4AAC3688378A}.Release|Any CPU.ActiveCfg = Release|Any CPU
		{6EF320FA-CA0A-4BD8-A19A-4AAC3688378A}.Release|Any CPU.Build.0 = Release|Any CPU
		{E831EFFA-1B9B-4250-9BB6-4841DCD95E85}.Debug|Any CPU.ActiveCfg = Debug|Any CPU
		{E831EFFA-1B9B-4250-9BB6-4841DCD95E85}.Debug|Any CPU.Build.0 = Debug|Any CPU
		{E831EFFA-1B9B-4250-9BB6-4841DCD95E85}.Release|Any CPU.ActiveCfg = Release|Any CPU
		{E831EFFA-1B9B-4250-9BB6-4841DCD95E85}.Release|Any CPU.Build.0 = Release|Any CPU
		{4C08F812-B3F2-46B3-92C2-D589BD8FB488}.Debug|Any CPU.ActiveCfg = Debug|Any CPU
		{4C08F812-B3F2-46B3-92C2-D589BD8FB488}.Debug|Any CPU.Build.0 = Debug|Any CPU
		{4C08F812-B3F2-46B3-92C2-D589BD8FB488}.Release|Any CPU.ActiveCfg = Release|Any CPU
		{4C08F812-B3F2-46B3-92C2-D589BD8FB488}.Release|Any CPU.Build.0 = Release|Any CPU
		{722742A1-E6FD-44A0-895D-DE046B31D1DD}.Debug|Any CPU.ActiveCfg = Debug|Any CPU
		{722742A1-E6FD-44A0-895D-DE046B31D1DD}.Debug|Any CPU.Build.0 = Debug|Any CPU
		{722742A1-E6FD-44A0-895D-DE046B31D1DD}.Release|Any CPU.ActiveCfg = Release|Any CPU
		{722742A1-E6FD-44A0-895D-DE046B31D1DD}.Release|Any CPU.Build.0 = Release|Any CPU
		{51872E19-62AE-457A-A58A-4CCB39492DD1}.Debug|Any CPU.ActiveCfg = Debug|Any CPU
		{51872E19-62AE-457A-A58A-4CCB39492DD1}.Debug|Any CPU.Build.0 = Debug|Any CPU
		{51872E19-62AE-457A-A58A-4CCB39492DD1}.Release|Any CPU.ActiveCfg = Release|Any CPU
		{51872E19-62AE-457A-A58A-4CCB39492DD1}.Release|Any CPU.Build.0 = Release|Any CPU
		{8CA87188-97D0-415D-885B-E2430A709CA5}.Debug|Any CPU.ActiveCfg = Debug|Any CPU
		{8CA87188-97D0-415D-885B-E2430A709CA5}.Debug|Any CPU.Build.0 = Debug|Any CPU
		{8CA87188-97D0-415D-885B-E2430A709CA5}.Release|Any CPU.ActiveCfg = Release|Any CPU
		{8CA87188-97D0-415D-885B-E2430A709CA5}.Release|Any CPU.Build.0 = Release|Any CPU
		{B30426A1-37DA-4BA4-A30C-B84749BDBE0C}.Debug|Any CPU.ActiveCfg = Debug|Any CPU
		{B30426A1-37DA-4BA4-A30C-B84749BDBE0C}.Debug|Any CPU.Build.0 = Debug|Any CPU
		{B30426A1-37DA-4BA4-A30C-B84749BDBE0C}.Release|Any CPU.ActiveCfg = Release|Any CPU
		{B30426A1-37DA-4BA4-A30C-B84749BDBE0C}.Release|Any CPU.Build.0 = Release|Any CPU
		{43281D76-D0C3-49EF-A411-57941759825A}.Debug|Any CPU.ActiveCfg = Debug|Any CPU
		{43281D76-D0C3-49EF-A411-57941759825A}.Debug|Any CPU.Build.0 = Debug|Any CPU
		{43281D76-D0C3-49EF-A411-57941759825A}.Release|Any CPU.ActiveCfg = Release|Any CPU
		{43281D76-D0C3-49EF-A411-57941759825A}.Release|Any CPU.Build.0 = Release|Any CPU
		{CE87D793-DFAB-4496-ABB2-2648CE1EA2BF}.Debug|Any CPU.ActiveCfg = Debug|Any CPU
		{CE87D793-DFAB-4496-ABB2-2648CE1EA2BF}.Debug|Any CPU.Build.0 = Debug|Any CPU
		{CE87D793-DFAB-4496-ABB2-2648CE1EA2BF}.Release|Any CPU.ActiveCfg = Release|Any CPU
		{CE87D793-DFAB-4496-ABB2-2648CE1EA2BF}.Release|Any CPU.Build.0 = Release|Any CPU
		{56F8EB6E-A372-4FF1-A7E7-5BA191373807}.Debug|Any CPU.ActiveCfg = Debug|Any CPU
		{56F8EB6E-A372-4FF1-A7E7-5BA191373807}.Debug|Any CPU.Build.0 = Debug|Any CPU
		{56F8EB6E-A372-4FF1-A7E7-5BA191373807}.Release|Any CPU.ActiveCfg = Release|Any CPU
		{56F8EB6E-A372-4FF1-A7E7-5BA191373807}.Release|Any CPU.Build.0 = Release|Any CPU
		{256F334F-D344-4FCC-BDBD-1BF489F40828}.Debug|Any CPU.ActiveCfg = Debug|Any CPU
		{256F334F-D344-4FCC-BDBD-1BF489F40828}.Debug|Any CPU.Build.0 = Debug|Any CPU
		{256F334F-D344-4FCC-BDBD-1BF489F40828}.Release|Any CPU.ActiveCfg = Release|Any CPU
		{256F334F-D344-4FCC-BDBD-1BF489F40828}.Release|Any CPU.Build.0 = Release|Any CPU
		{6B1BE39A-E772-4FE3-A552-0149A58F58E3}.Debug|Any CPU.ActiveCfg = Debug|Any CPU
		{6B1BE39A-E772-4FE3-A552-0149A58F58E3}.Debug|Any CPU.Build.0 = Debug|Any CPU
		{6B1BE39A-E772-4FE3-A552-0149A58F58E3}.Release|Any CPU.ActiveCfg = Release|Any CPU
		{6B1BE39A-E772-4FE3-A552-0149A58F58E3}.Release|Any CPU.Build.0 = Release|Any CPU
		{074FB127-C2E8-4B81-9579-EBB0D496659B}.Debug|Any CPU.ActiveCfg = Debug|Any CPU
		{074FB127-C2E8-4B81-9579-EBB0D496659B}.Debug|Any CPU.Build.0 = Debug|Any CPU
		{074FB127-C2E8-4B81-9579-EBB0D496659B}.Release|Any CPU.ActiveCfg = Release|Any CPU
		{074FB127-C2E8-4B81-9579-EBB0D496659B}.Release|Any CPU.Build.0 = Release|Any CPU
		{95E8F309-98EF-47BC-B953-C6D58AE62BD1}.Debug|Any CPU.ActiveCfg = Debug|Any CPU
		{95E8F309-98EF-47BC-B953-C6D58AE62BD1}.Debug|Any CPU.Build.0 = Debug|Any CPU
		{95E8F309-98EF-47BC-B953-C6D58AE62BD1}.Release|Any CPU.ActiveCfg = Release|Any CPU
		{95E8F309-98EF-47BC-B953-C6D58AE62BD1}.Release|Any CPU.Build.0 = Release|Any CPU
		{1CBE9FB3-A3F1-4E30-A330-386A58FE51D0}.Debug|Any CPU.ActiveCfg = Debug|Any CPU
		{1CBE9FB3-A3F1-4E30-A330-386A58FE51D0}.Debug|Any CPU.Build.0 = Debug|Any CPU
		{1CBE9FB3-A3F1-4E30-A330-386A58FE51D0}.Release|Any CPU.ActiveCfg = Release|Any CPU
		{1CBE9FB3-A3F1-4E30-A330-386A58FE51D0}.Release|Any CPU.Build.0 = Release|Any CPU
		{AD86EEB7-1991-44C6-94C9-48381A33D63A}.Debug|Any CPU.ActiveCfg = Debug|Any CPU
		{AD86EEB7-1991-44C6-94C9-48381A33D63A}.Debug|Any CPU.Build.0 = Debug|Any CPU
		{AD86EEB7-1991-44C6-94C9-48381A33D63A}.Release|Any CPU.ActiveCfg = Release|Any CPU
		{AD86EEB7-1991-44C6-94C9-48381A33D63A}.Release|Any CPU.Build.0 = Release|Any CPU
		{D3E75ABB-8816-4E2A-B107-87C393CE96F6}.Debug|Any CPU.ActiveCfg = Debug|Any CPU
		{D3E75ABB-8816-4E2A-B107-87C393CE96F6}.Debug|Any CPU.Build.0 = Debug|Any CPU
		{D3E75ABB-8816-4E2A-B107-87C393CE96F6}.Release|Any CPU.ActiveCfg = Release|Any CPU
		{D3E75ABB-8816-4E2A-B107-87C393CE96F6}.Release|Any CPU.Build.0 = Release|Any CPU
		{79D2FA21-105A-447A-98FE-44A3FCDA4CAA}.Debug|Any CPU.ActiveCfg = Debug|Any CPU
		{79D2FA21-105A-447A-98FE-44A3FCDA4CAA}.Debug|Any CPU.Build.0 = Debug|Any CPU
		{79D2FA21-105A-447A-98FE-44A3FCDA4CAA}.Release|Any CPU.ActiveCfg = Release|Any CPU
		{79D2FA21-105A-447A-98FE-44A3FCDA4CAA}.Release|Any CPU.Build.0 = Release|Any CPU
		{27EE337B-3AA5-41B1-AB0B-3C114EA64105}.Debug|Any CPU.ActiveCfg = Debug|Any CPU
		{27EE337B-3AA5-41B1-AB0B-3C114EA64105}.Debug|Any CPU.Build.0 = Debug|Any CPU
		{27EE337B-3AA5-41B1-AB0B-3C114EA64105}.Release|Any CPU.ActiveCfg = Release|Any CPU
		{27EE337B-3AA5-41B1-AB0B-3C114EA64105}.Release|Any CPU.Build.0 = Release|Any CPU
		{9A6598BB-3ED1-46A0-ADDC-98E53655BF76}.Debug|Any CPU.ActiveCfg = Debug|Any CPU
		{9A6598BB-3ED1-46A0-ADDC-98E53655BF76}.Debug|Any CPU.Build.0 = Debug|Any CPU
		{9A6598BB-3ED1-46A0-ADDC-98E53655BF76}.Release|Any CPU.ActiveCfg = Release|Any CPU
		{9A6598BB-3ED1-46A0-ADDC-98E53655BF76}.Release|Any CPU.Build.0 = Release|Any CPU
		{3E244964-D13D-4B5E-8903-02C310D1B945}.Debug|Any CPU.ActiveCfg = Debug|Any CPU
		{3E244964-D13D-4B5E-8903-02C310D1B945}.Debug|Any CPU.Build.0 = Debug|Any CPU
		{3E244964-D13D-4B5E-8903-02C310D1B945}.Release|Any CPU.ActiveCfg = Release|Any CPU
		{3E244964-D13D-4B5E-8903-02C310D1B945}.Release|Any CPU.Build.0 = Release|Any CPU
		{BA0DD586-4E5A-4FF5-9614-612AF6BBED91}.Debug|Any CPU.ActiveCfg = Debug|Any CPU
		{BA0DD586-4E5A-4FF5-9614-612AF6BBED91}.Debug|Any CPU.Build.0 = Debug|Any CPU
		{BA0DD586-4E5A-4FF5-9614-612AF6BBED91}.Release|Any CPU.ActiveCfg = Release|Any CPU
		{BA0DD586-4E5A-4FF5-9614-612AF6BBED91}.Release|Any CPU.Build.0 = Release|Any CPU
		{A3330855-6E0C-4A51-98C1-D6FC7848CCE0}.Debug|Any CPU.ActiveCfg = Debug|Any CPU
		{A3330855-6E0C-4A51-98C1-D6FC7848CCE0}.Debug|Any CPU.Build.0 = Debug|Any CPU
		{A3330855-6E0C-4A51-98C1-D6FC7848CCE0}.Release|Any CPU.ActiveCfg = Release|Any CPU
		{A3330855-6E0C-4A51-98C1-D6FC7848CCE0}.Release|Any CPU.Build.0 = Release|Any CPU
		{EB1691B7-C2CD-4C20-9105-95965BBF3E07}.Debug|Any CPU.ActiveCfg = Debug|Any CPU
		{EB1691B7-C2CD-4C20-9105-95965BBF3E07}.Debug|Any CPU.Build.0 = Debug|Any CPU
		{EB1691B7-C2CD-4C20-9105-95965BBF3E07}.Release|Any CPU.ActiveCfg = Release|Any CPU
		{EB1691B7-C2CD-4C20-9105-95965BBF3E07}.Release|Any CPU.Build.0 = Release|Any CPU
		{E28CF343-660C-48BB-9D34-07BB23F662B2}.Debug|Any CPU.ActiveCfg = Debug|Any CPU
		{E28CF343-660C-48BB-9D34-07BB23F662B2}.Debug|Any CPU.Build.0 = Debug|Any CPU
		{E28CF343-660C-48BB-9D34-07BB23F662B2}.Release|Any CPU.ActiveCfg = Release|Any CPU
		{E28CF343-660C-48BB-9D34-07BB23F662B2}.Release|Any CPU.Build.0 = Release|Any CPU
		{CD82FA31-F7A7-43C6-A6C4-EB4AEB270828}.Debug|Any CPU.ActiveCfg = Debug|Any CPU
		{CD82FA31-F7A7-43C6-A6C4-EB4AEB270828}.Debug|Any CPU.Build.0 = Debug|Any CPU
		{CD82FA31-F7A7-43C6-A6C4-EB4AEB270828}.Release|Any CPU.ActiveCfg = Release|Any CPU
		{CD82FA31-F7A7-43C6-A6C4-EB4AEB270828}.Release|Any CPU.Build.0 = Release|Any CPU
		{08E9C3C0-B1CF-4E6F-8BF1-46BA799E8D48}.Debug|Any CPU.ActiveCfg = Debug|Any CPU
		{08E9C3C0-B1CF-4E6F-8BF1-46BA799E8D48}.Debug|Any CPU.Build.0 = Debug|Any CPU
		{08E9C3C0-B1CF-4E6F-8BF1-46BA799E8D48}.Release|Any CPU.ActiveCfg = Release|Any CPU
		{08E9C3C0-B1CF-4E6F-8BF1-46BA799E8D48}.Release|Any CPU.Build.0 = Release|Any CPU
		{CF979D27-9E99-47CF-B943-80A59D892E82}.Debug|Any CPU.ActiveCfg = Debug|Any CPU
		{CF979D27-9E99-47CF-B943-80A59D892E82}.Debug|Any CPU.Build.0 = Debug|Any CPU
		{CF979D27-9E99-47CF-B943-80A59D892E82}.Release|Any CPU.ActiveCfg = Release|Any CPU
		{CF979D27-9E99-47CF-B943-80A59D892E82}.Release|Any CPU.Build.0 = Release|Any CPU
		{FDDF8FE0-AA7B-45B9-B2BB-ED48A95B454B}.Debug|Any CPU.ActiveCfg = Debug|Any CPU
		{FDDF8FE0-AA7B-45B9-B2BB-ED48A95B454B}.Debug|Any CPU.Build.0 = Debug|Any CPU
		{FDDF8FE0-AA7B-45B9-B2BB-ED48A95B454B}.Release|Any CPU.ActiveCfg = Release|Any CPU
		{FDDF8FE0-AA7B-45B9-B2BB-ED48A95B454B}.Release|Any CPU.Build.0 = Release|Any CPU
		{71CBE492-F506-4BA2-8C81-F6F268E55E53}.Debug|Any CPU.ActiveCfg = Debug|Any CPU
		{71CBE492-F506-4BA2-8C81-F6F268E55E53}.Debug|Any CPU.Build.0 = Debug|Any CPU
		{71CBE492-F506-4BA2-8C81-F6F268E55E53}.Release|Any CPU.ActiveCfg = Release|Any CPU
		{71CBE492-F506-4BA2-8C81-F6F268E55E53}.Release|Any CPU.Build.0 = Release|Any CPU
		{FDDD6A8B-8B81-4C2B-8D5E-FE82DEF0D9D1}.Debug|Any CPU.ActiveCfg = Debug|Any CPU
		{FDDD6A8B-8B81-4C2B-8D5E-FE82DEF0D9D1}.Debug|Any CPU.Build.0 = Debug|Any CPU
		{FDDD6A8B-8B81-4C2B-8D5E-FE82DEF0D9D1}.Release|Any CPU.ActiveCfg = Release|Any CPU
		{FDDD6A8B-8B81-4C2B-8D5E-FE82DEF0D9D1}.Release|Any CPU.Build.0 = Release|Any CPU
		{0424EAAA-6969-456D-9535-E10B309F13B9}.Debug|Any CPU.ActiveCfg = Debug|Any CPU
		{0424EAAA-6969-456D-9535-E10B309F13B9}.Debug|Any CPU.Build.0 = Debug|Any CPU
		{0424EAAA-6969-456D-9535-E10B309F13B9}.Release|Any CPU.ActiveCfg = Release|Any CPU
		{0424EAAA-6969-456D-9535-E10B309F13B9}.Release|Any CPU.Build.0 = Release|Any CPU
		{60074070-389C-49EE-AD30-4A9F96448CE8}.Debug|Any CPU.ActiveCfg = Debug|Any CPU
		{60074070-389C-49EE-AD30-4A9F96448CE8}.Debug|Any CPU.Build.0 = Debug|Any CPU
		{60074070-389C-49EE-AD30-4A9F96448CE8}.Release|Any CPU.ActiveCfg = Release|Any CPU
		{60074070-389C-49EE-AD30-4A9F96448CE8}.Release|Any CPU.Build.0 = Release|Any CPU
		{81F484AF-A6C8-4F1E-A8FD-67235D26E43D}.Debug|Any CPU.ActiveCfg = Debug|Any CPU
		{81F484AF-A6C8-4F1E-A8FD-67235D26E43D}.Debug|Any CPU.Build.0 = Debug|Any CPU
		{81F484AF-A6C8-4F1E-A8FD-67235D26E43D}.Release|Any CPU.ActiveCfg = Release|Any CPU
		{81F484AF-A6C8-4F1E-A8FD-67235D26E43D}.Release|Any CPU.Build.0 = Release|Any CPU
		{444E7C6E-ED56-4586-8E94-F0F1685261A1}.Debug|Any CPU.ActiveCfg = Debug|Any CPU
		{444E7C6E-ED56-4586-8E94-F0F1685261A1}.Debug|Any CPU.Build.0 = Debug|Any CPU
		{444E7C6E-ED56-4586-8E94-F0F1685261A1}.Release|Any CPU.ActiveCfg = Release|Any CPU
		{444E7C6E-ED56-4586-8E94-F0F1685261A1}.Release|Any CPU.Build.0 = Release|Any CPU
		{8A46017A-8DDC-4738-B46D-C5C442529040}.Debug|Any CPU.ActiveCfg = Debug|Any CPU
		{8A46017A-8DDC-4738-B46D-C5C442529040}.Debug|Any CPU.Build.0 = Debug|Any CPU
		{8A46017A-8DDC-4738-B46D-C5C442529040}.Release|Any CPU.ActiveCfg = Release|Any CPU
		{8A46017A-8DDC-4738-B46D-C5C442529040}.Release|Any CPU.Build.0 = Release|Any CPU
		{828DC968-25EA-47F0-B744-83B37928C4AE}.Debug|Any CPU.ActiveCfg = Debug|Any CPU
		{828DC968-25EA-47F0-B744-83B37928C4AE}.Debug|Any CPU.Build.0 = Debug|Any CPU
		{828DC968-25EA-47F0-B744-83B37928C4AE}.Release|Any CPU.ActiveCfg = Release|Any CPU
		{828DC968-25EA-47F0-B744-83B37928C4AE}.Release|Any CPU.Build.0 = Release|Any CPU
		{8826E07D-B0F2-4710-86E0-B88A24EA8551}.Debug|Any CPU.ActiveCfg = Debug|Any CPU
		{8826E07D-B0F2-4710-86E0-B88A24EA8551}.Debug|Any CPU.Build.0 = Debug|Any CPU
		{8826E07D-B0F2-4710-86E0-B88A24EA8551}.Release|Any CPU.ActiveCfg = Release|Any CPU
		{8826E07D-B0F2-4710-86E0-B88A24EA8551}.Release|Any CPU.Build.0 = Release|Any CPU
		{4FA44261-EE9E-4954-B4D3-E61CEF712F8C}.Debug|Any CPU.ActiveCfg = Debug|Any CPU
		{4FA44261-EE9E-4954-B4D3-E61CEF712F8C}.Debug|Any CPU.Build.0 = Debug|Any CPU
		{4FA44261-EE9E-4954-B4D3-E61CEF712F8C}.Release|Any CPU.ActiveCfg = Release|Any CPU
		{4FA44261-EE9E-4954-B4D3-E61CEF712F8C}.Release|Any CPU.Build.0 = Release|Any CPU
		{98C06DE1-A6B9-41A9-BE16-70D7B80BE773}.Debug|Any CPU.ActiveCfg = Debug|Any CPU
		{98C06DE1-A6B9-41A9-BE16-70D7B80BE773}.Debug|Any CPU.Build.0 = Debug|Any CPU
		{98C06DE1-A6B9-41A9-BE16-70D7B80BE773}.Release|Any CPU.ActiveCfg = Release|Any CPU
		{98C06DE1-A6B9-41A9-BE16-70D7B80BE773}.Release|Any CPU.Build.0 = Release|Any CPU
		{714EBD7F-3511-429A-ACB5-1ECD71AAF935}.Debug|Any CPU.ActiveCfg = Debug|Any CPU
		{714EBD7F-3511-429A-ACB5-1ECD71AAF935}.Debug|Any CPU.Build.0 = Debug|Any CPU
		{714EBD7F-3511-429A-ACB5-1ECD71AAF935}.Release|Any CPU.ActiveCfg = Release|Any CPU
		{714EBD7F-3511-429A-ACB5-1ECD71AAF935}.Release|Any CPU.Build.0 = Release|Any CPU
		{8CA65380-6D2F-4B0E-BB07-66BE295CC3F9}.Debug|Any CPU.ActiveCfg = Debug|Any CPU
		{8CA65380-6D2F-4B0E-BB07-66BE295CC3F9}.Debug|Any CPU.Build.0 = Debug|Any CPU
		{8CA65380-6D2F-4B0E-BB07-66BE295CC3F9}.Release|Any CPU.ActiveCfg = Release|Any CPU
		{8CA65380-6D2F-4B0E-BB07-66BE295CC3F9}.Release|Any CPU.Build.0 = Release|Any CPU
		{CB275133-F6E8-4941-97A9-904806A7D0E9}.Debug|Any CPU.ActiveCfg = Debug|Any CPU
		{CB275133-F6E8-4941-97A9-904806A7D0E9}.Debug|Any CPU.Build.0 = Debug|Any CPU
		{CB275133-F6E8-4941-97A9-904806A7D0E9}.Release|Any CPU.ActiveCfg = Release|Any CPU
		{CB275133-F6E8-4941-97A9-904806A7D0E9}.Release|Any CPU.Build.0 = Release|Any CPU
		{469BB856-FA56-457D-AC00-40F0766EBF1B}.Debug|Any CPU.ActiveCfg = Debug|Any CPU
		{469BB856-FA56-457D-AC00-40F0766EBF1B}.Debug|Any CPU.Build.0 = Debug|Any CPU
		{469BB856-FA56-457D-AC00-40F0766EBF1B}.Release|Any CPU.ActiveCfg = Release|Any CPU
		{469BB856-FA56-457D-AC00-40F0766EBF1B}.Release|Any CPU.Build.0 = Release|Any CPU
		{119BB0EA-8565-456E-A4E9-6B7DCFCDDB39}.Debug|Any CPU.ActiveCfg = Debug|Any CPU
		{119BB0EA-8565-456E-A4E9-6B7DCFCDDB39}.Debug|Any CPU.Build.0 = Debug|Any CPU
		{119BB0EA-8565-456E-A4E9-6B7DCFCDDB39}.Release|Any CPU.ActiveCfg = Release|Any CPU
		{119BB0EA-8565-456E-A4E9-6B7DCFCDDB39}.Release|Any CPU.Build.0 = Release|Any CPU
	EndGlobalSection
	GlobalSection(SolutionProperties) = preSolution
		HideSolutionNode = FALSE
	EndGlobalSection
	GlobalSection(NestedProjects) = preSolution
		{32F1988F-1EBF-476E-A882-A7145267C5DB} = {DCAC6322-14B1-40F6-AEF4-5F97968F38B5}
		{F8AB12D3-A2D6-4208-8029-8C51BE8BC203} = {DCAC6322-14B1-40F6-AEF4-5F97968F38B5}
		{02413C11-2F8A-404E-9D66-40AE7ED13283} = {DCAC6322-14B1-40F6-AEF4-5F97968F38B5}
		{58E3F6F2-3020-4239-B674-E9A41B9015BE} = {DCAC6322-14B1-40F6-AEF4-5F97968F38B5}
		{88F5EA65-BD60-4D58-89A4-36FCBE35C4EE} = {9ACBC45E-EF9D-42D6-B074-BE4D841B8C29}
		{009F4AA9-0C19-4BA4-8EEE-A115E6F517A3} = {B68F91B3-2696-4CDD-B79B-3D7399D048E9}
		{1A24FC36-E80D-423C-A43B-FA513AEFCD33} = {B68F91B3-2696-4CDD-B79B-3D7399D048E9}
		{842432FD-D1D8-41DA-B142-DC71A9111D30} = {B68F91B3-2696-4CDD-B79B-3D7399D048E9}
		{0D70923D-E061-469A-B0AB-E4F549E49EB4} = {B68F91B3-2696-4CDD-B79B-3D7399D048E9}
		{7504D66B-21FE-423A-BD35-F7D4B1DEC810} = {4B74BA8A-8D31-4992-869F-EA2898B6D46C}
		{BD279236-D4CA-4C87-981E-C7471B9F0738} = {4B74BA8A-8D31-4992-869F-EA2898B6D46C}
		{D70E60BA-C553-441F-BE54-C0818F35178D} = {4B74BA8A-8D31-4992-869F-EA2898B6D46C}
		{212607DC-0184-4AE6-8E20-F5DBC2420E2E} = {4B74BA8A-8D31-4992-869F-EA2898B6D46C}
		{C15EE730-168F-4D86-AF67-4F74E116089A} = {4B74BA8A-8D31-4992-869F-EA2898B6D46C}
		{6EF320FA-CA0A-4BD8-A19A-4AAC3688378A} = {4B74BA8A-8D31-4992-869F-EA2898B6D46C}
		{E831EFFA-1B9B-4250-9BB6-4841DCD95E85} = {4B74BA8A-8D31-4992-869F-EA2898B6D46C}
		{4C08F812-B3F2-46B3-92C2-D589BD8FB488} = {4B74BA8A-8D31-4992-869F-EA2898B6D46C}
		{722742A1-E6FD-44A0-895D-DE046B31D1DD} = {4B74BA8A-8D31-4992-869F-EA2898B6D46C}
		{51872E19-62AE-457A-A58A-4CCB39492DD1} = {4B74BA8A-8D31-4992-869F-EA2898B6D46C}
		{8CA87188-97D0-415D-885B-E2430A709CA5} = {4B74BA8A-8D31-4992-869F-EA2898B6D46C}
		{B30426A1-37DA-4BA4-A30C-B84749BDBE0C} = {4B74BA8A-8D31-4992-869F-EA2898B6D46C}
		{43281D76-D0C3-49EF-A411-57941759825A} = {4B74BA8A-8D31-4992-869F-EA2898B6D46C}
		{CE87D793-DFAB-4496-ABB2-2648CE1EA2BF} = {4B74BA8A-8D31-4992-869F-EA2898B6D46C}
		{56F8EB6E-A372-4FF1-A7E7-5BA191373807} = {4B74BA8A-8D31-4992-869F-EA2898B6D46C}
		{256F334F-D344-4FCC-BDBD-1BF489F40828} = {4B74BA8A-8D31-4992-869F-EA2898B6D46C}
		{6B1BE39A-E772-4FE3-A552-0149A58F58E3} = {7C008B12-9E98-49D6-9BEA-AC1D657C6CA4}
		{074FB127-C2E8-4B81-9579-EBB0D496659B} = {7C008B12-9E98-49D6-9BEA-AC1D657C6CA4}
		{95E8F309-98EF-47BC-B953-C6D58AE62BD1} = {7C008B12-9E98-49D6-9BEA-AC1D657C6CA4}
		{F1FDC9F3-3E6C-4610-A2CC-92E5D90E6B93} = {9916610A-E162-4D58-9BF9-3189D72D1147}
		{C80AFF08-658C-4A71-8D72-AB2E5D9EF5B0} = {9916610A-E162-4D58-9BF9-3189D72D1147}
		{1CBE9FB3-A3F1-4E30-A330-386A58FE51D0} = {F1FDC9F3-3E6C-4610-A2CC-92E5D90E6B93}
		{AD86EEB7-1991-44C6-94C9-48381A33D63A} = {F1FDC9F3-3E6C-4610-A2CC-92E5D90E6B93}
		{D3E75ABB-8816-4E2A-B107-87C393CE96F6} = {F1FDC9F3-3E6C-4610-A2CC-92E5D90E6B93}
		{79D2FA21-105A-447A-98FE-44A3FCDA4CAA} = {F1FDC9F3-3E6C-4610-A2CC-92E5D90E6B93}
		{27EE337B-3AA5-41B1-AB0B-3C114EA64105} = {F1FDC9F3-3E6C-4610-A2CC-92E5D90E6B93}
		{9A6598BB-3ED1-46A0-ADDC-98E53655BF76} = {F1FDC9F3-3E6C-4610-A2CC-92E5D90E6B93}
		{3E244964-D13D-4B5E-8903-02C310D1B945} = {F1FDC9F3-3E6C-4610-A2CC-92E5D90E6B93}
		{BA0DD586-4E5A-4FF5-9614-612AF6BBED91} = {F1FDC9F3-3E6C-4610-A2CC-92E5D90E6B93}
		{A3330855-6E0C-4A51-98C1-D6FC7848CCE0} = {F1FDC9F3-3E6C-4610-A2CC-92E5D90E6B93}
		{EB1691B7-C2CD-4C20-9105-95965BBF3E07} = {F1FDC9F3-3E6C-4610-A2CC-92E5D90E6B93}
		{528D2D19-3752-47CC-A9A7-CB8CA8CAB656} = {F1FDC9F3-3E6C-4610-A2CC-92E5D90E6B93}
		{E28CF343-660C-48BB-9D34-07BB23F662B2} = {528D2D19-3752-47CC-A9A7-CB8CA8CAB656}
		{CD82FA31-F7A7-43C6-A6C4-EB4AEB270828} = {528D2D19-3752-47CC-A9A7-CB8CA8CAB656}
		{08E9C3C0-B1CF-4E6F-8BF1-46BA799E8D48} = {F1FDC9F3-3E6C-4610-A2CC-92E5D90E6B93}
		{CF979D27-9E99-47CF-B943-80A59D892E82} = {C80AFF08-658C-4A71-8D72-AB2E5D9EF5B0}
		{FDDF8FE0-AA7B-45B9-B2BB-ED48A95B454B} = {B3D0B55F-8B17-4B4C-8E2E-737024F8BDDA}
		{71CBE492-F506-4BA2-8C81-F6F268E55E53} = {9AF5C579-A6E0-40F4-8D74-9C498A29A849}
		{FDDD6A8B-8B81-4C2B-8D5E-FE82DEF0D9D1} = {9AF5C579-A6E0-40F4-8D74-9C498A29A849}
		{0424EAAA-6969-456D-9535-E10B309F13B9} = {9AF5C579-A6E0-40F4-8D74-9C498A29A849}
		{60074070-389C-49EE-AD30-4A9F96448CE8} = {D57E8B5B-51EF-4250-A827-93528F751AA5}
		{81F484AF-A6C8-4F1E-A8FD-67235D26E43D} = {D57E8B5B-51EF-4250-A827-93528F751AA5}
		{444E7C6E-ED56-4586-8E94-F0F1685261A1} = {D57E8B5B-51EF-4250-A827-93528F751AA5}
		{8A46017A-8DDC-4738-B46D-C5C442529040} = {D57E8B5B-51EF-4250-A827-93528F751AA5}
		{828DC968-25EA-47F0-B744-83B37928C4AE} = {D57E8B5B-51EF-4250-A827-93528F751AA5}
		{8826E07D-B0F2-4710-86E0-B88A24EA8551} = {D57E8B5B-51EF-4250-A827-93528F751AA5}
		{4FA44261-EE9E-4954-B4D3-E61CEF712F8C} = {F1FDC9F3-3E6C-4610-A2CC-92E5D90E6B93}
		{98C06DE1-A6B9-41A9-BE16-70D7B80BE773} = {9ACBC45E-EF9D-42D6-B074-BE4D841B8C29}
		{87126ED1-752D-4708-9F01-554137D1E176} = {4B74BA8A-8D31-4992-869F-EA2898B6D46C}
		{714EBD7F-3511-429A-ACB5-1ECD71AAF935} = {87126ED1-752D-4708-9F01-554137D1E176}
		{8CA65380-6D2F-4B0E-BB07-66BE295CC3F9} = {87126ED1-752D-4708-9F01-554137D1E176}
		{CB275133-F6E8-4941-97A9-904806A7D0E9} = {1154C351-1295-497D-B300-7A730E35E440}
		{469BB856-FA56-457D-AC00-40F0766EBF1B} = {1154C351-1295-497D-B300-7A730E35E440}
		{119BB0EA-8565-456E-A4E9-6B7DCFCDDB39} = {F1FDC9F3-3E6C-4610-A2CC-92E5D90E6B93}
	EndGlobalSection
	GlobalSection(ExtensibilityGlobals) = postSolution
		SolutionGuid = {18F760F3-95E3-4202-BFFD-65A8E7EF9129}
	EndGlobalSection
	GlobalSection(TestCaseManagementSettings) = postSolution
		CategoryFile = AlarmWorkflow.BackendServicesTests.vsmdi
	EndGlobalSection
EndGlobal
