
Microsoft Visual Studio Solution File, Format Version 11.00
# Visual Studio 2010
Project("{FAE04EC0-301F-11D3-BF4B-00C04F79EFBC}") = "Sms", "Sms\Sms.csproj", "{1CBE9FB3-A3F1-4E30-A330-386A58FE51D0}"
EndProject
Project("{FAE04EC0-301F-11D3-BF4B-00C04F79EFBC}") = "Mailing", "Mailing\Mailing.csproj", "{AD86EEB7-1991-44C6-94C9-48381A33D63A}"
EndProject
Project("{FAE04EC0-301F-11D3-BF4B-00C04F79EFBC}") = "DisplayWakeUp", "DisplayWakeUp\DisplayWakeUp.csproj", "{D3E75ABB-8816-4E2A-B107-87C393CE96F6}"
EndProject
Project("{FAE04EC0-301F-11D3-BF4B-00C04F79EFBC}") = "eAlarm", "eAlarm\eAlarm.csproj", "{79D2FA21-105A-447A-98FE-44A3FCDA4CAA}"
EndProject
Project("{FAE04EC0-301F-11D3-BF4B-00C04F79EFBC}") = "AlarmSourcePrinter", "AlarmSourcePrinter\AlarmSourcePrinter.csproj", "{27EE337B-3AA5-41B1-AB0B-3C114EA64105}"
EndProject
Project("{FAE04EC0-301F-11D3-BF4B-00C04F79EFBC}") = "Push", "Push\Push.csproj", "{9A6598BB-3ED1-46A0-ADDC-98E53655BF76}"
EndProject
Project("{FAE04EC0-301F-11D3-BF4B-00C04F79EFBC}") = "OperationLoopFetcher", "OperationLoopFetcher\OperationLoopFetcher.csproj", "{3E244964-D13D-4B5E-8903-02C310D1B945}"
EndProject
Project("{FAE04EC0-301F-11D3-BF4B-00C04F79EFBC}") = "OperationPrinter", "OperationPrinter\OperationPrinter.csproj", "{BA0DD586-4E5A-4FF5-9614-612AF6BBED91}"
EndProject
Project("{FAE04EC0-301F-11D3-BF4B-00C04F79EFBC}") = "OperationFileExporter", "OperationFileExporter\OperationFileExporter.csproj", "{A3330855-6E0C-4A51-98C1-D6FC7848CCE0}"
EndProject
Project("{FAE04EC0-301F-11D3-BF4B-00C04F79EFBC}") = "Geocoding", "Geocoding\Geocoding.csproj", "{EB1691B7-C2CD-4C20-9105-95965BBF3E07}"
EndProject
Global
	GlobalSection(SolutionConfigurationPlatforms) = preSolution
		Debug|Any CPU = Debug|Any CPU
		Release|Any CPU = Release|Any CPU
	EndGlobalSection
	GlobalSection(ProjectConfigurationPlatforms) = postSolution
		{1CBE9FB3-A3F1-4E30-A330-386A58FE51D0}.Debug|Any CPU.ActiveCfg = Debug|Any CPU
		{1CBE9FB3-A3F1-4E30-A330-386A58FE51D0}.Debug|Any CPU.Build.0 = Debug|Any CPU
		{1CBE9FB3-A3F1-4E30-A330-386A58FE51D0}.Release|Any CPU.ActiveCfg = Release|Any CPU
		{1CBE9FB3-A3F1-4E30-A330-386A58FE51D0}.Release|Any CPU.Build.0 = Release|Any CPU
		{AD86EEB7-1991-44C6-94C9-48381A33D63A}.Debug|Any CPU.ActiveCfg = Debug|Any CPU
		{AD86EEB7-1991-44C6-94C9-48381A33D63A}.Debug|Any CPU.Build.0 = Debug|Any CPU
		{AD86EEB7-1991-44C6-94C9-48381A33D63A}.Release|Any CPU.ActiveCfg = Release|Any CPU
		{AD86EEB7-1991-44C6-94C9-48381A33D63A}.Release|Any CPU.Build.0 = Release|Any CPU
		{D3E75ABB-8816-4E2A-B107-87C393CE96F6}.Debug|Any CPU.ActiveCfg = Debug|Any CPU
		{D3E75ABB-8816-4E2A-B107-87C393CE96F6}.Debug|Any CPU.Build.0 = Debug|Any CPU
		{D3E75ABB-8816-4E2A-B107-87C393CE96F6}.Release|Any CPU.ActiveCfg = Release|Any CPU
		{D3E75ABB-8816-4E2A-B107-87C393CE96F6}.Release|Any CPU.Build.0 = Release|Any CPU
		{79D2FA21-105A-447A-98FE-44A3FCDA4CAA}.Debug|Any CPU.ActiveCfg = Debug|Any CPU
		{79D2FA21-105A-447A-98FE-44A3FCDA4CAA}.Debug|Any CPU.Build.0 = Debug|Any CPU
		{79D2FA21-105A-447A-98FE-44A3FCDA4CAA}.Release|Any CPU.ActiveCfg = Release|Any CPU
		{79D2FA21-105A-447A-98FE-44A3FCDA4CAA}.Release|Any CPU.Build.0 = Release|Any CPU
		{27EE337B-3AA5-41B1-AB0B-3C114EA64105}.Debug|Any CPU.ActiveCfg = Debug|Any CPU
		{27EE337B-3AA5-41B1-AB0B-3C114EA64105}.Debug|Any CPU.Build.0 = Debug|Any CPU
		{27EE337B-3AA5-41B1-AB0B-3C114EA64105}.Release|Any CPU.ActiveCfg = Release|Any CPU
		{27EE337B-3AA5-41B1-AB0B-3C114EA64105}.Release|Any CPU.Build.0 = Release|Any CPU
		{9A6598BB-3ED1-46A0-ADDC-98E53655BF76}.Debug|Any CPU.ActiveCfg = Debug|Any CPU
		{9A6598BB-3ED1-46A0-ADDC-98E53655BF76}.Debug|Any CPU.Build.0 = Debug|Any CPU
		{9A6598BB-3ED1-46A0-ADDC-98E53655BF76}.Release|Any CPU.ActiveCfg = Release|Any CPU
		{9A6598BB-3ED1-46A0-ADDC-98E53655BF76}.Release|Any CPU.Build.0 = Release|Any CPU
		{3E244964-D13D-4B5E-8903-02C310D1B945}.Debug|Any CPU.ActiveCfg = Debug|Any CPU
		{3E244964-D13D-4B5E-8903-02C310D1B945}.Debug|Any CPU.Build.0 = Debug|Any CPU
		{3E244964-D13D-4B5E-8903-02C310D1B945}.Release|Any CPU.ActiveCfg = Release|Any CPU
		{3E244964-D13D-4B5E-8903-02C310D1B945}.Release|Any CPU.Build.0 = Release|Any CPU
		{BA0DD586-4E5A-4FF5-9614-612AF6BBED91}.Debug|Any CPU.ActiveCfg = Debug|Any CPU
		{BA0DD586-4E5A-4FF5-9614-612AF6BBED91}.Debug|Any CPU.Build.0 = Debug|Any CPU
		{BA0DD586-4E5A-4FF5-9614-612AF6BBED91}.Release|Any CPU.ActiveCfg = Release|Any CPU
		{BA0DD586-4E5A-4FF5-9614-612AF6BBED91}.Release|Any CPU.Build.0 = Release|Any CPU
		{A3330855-6E0C-4A51-98C1-D6FC7848CCE0}.Debug|Any CPU.ActiveCfg = Debug|Any CPU
		{A3330855-6E0C-4A51-98C1-D6FC7848CCE0}.Debug|Any CPU.Build.0 = Debug|Any CPU
		{A3330855-6E0C-4A51-98C1-D6FC7848CCE0}.Release|Any CPU.ActiveCfg = Release|Any CPU
		{A3330855-6E0C-4A51-98C1-D6FC7848CCE0}.Release|Any CPU.Build.0 = Release|Any CPU
		{EB1691B7-C2CD-4C20-9105-95965BBF3E07}.Debug|Any CPU.ActiveCfg = Debug|Any CPU
		{EB1691B7-C2CD-4C20-9105-95965BBF3E07}.Debug|Any CPU.Build.0 = Debug|Any CPU
		{EB1691B7-C2CD-4C20-9105-95965BBF3E07}.Release|Any CPU.ActiveCfg = Release|Any CPU
		{EB1691B7-C2CD-4C20-9105-95965BBF3E07}.Release|Any CPU.Build.0 = Release|Any CPU
	EndGlobalSection
	GlobalSection(SolutionProperties) = preSolution
		HideSolutionNode = FALSE
	EndGlobalSection
EndGlobal
