
Microsoft Visual Studio Solution File, Format Version 11.00
# Visual Studio 2010
Project("{FAE04EC0-301F-11D3-BF4B-00C04F79EFBC}") = "AlarmWorkflow.Shared", "AlarmWorkflow.Shared\AlarmWorkflow.Shared.csproj", "{88F5EA65-BD60-4D58-89A4-36FCBE35C4EE}"
EndProject
Project("{FAE04EC0-301F-11D3-BF4B-00C04F79EFBC}") = "AlarmWorkflow.Shared.Addressing", "AlarmWorkflow.Shared.Addressing\AlarmWorkflow.Shared.Addressing.csproj", "{C22ECEB2-57CC-4F41-AE02-1C10E70BE44B}"
	ProjectSection(ProjectDependencies) = postProject
		{88F5EA65-BD60-4D58-89A4-36FCBE35C4EE} = {88F5EA65-BD60-4D58-89A4-36FCBE35C4EE}
	EndProjectSection
EndProject
Project("{FAE04EC0-301F-11D3-BF4B-00C04F79EFBC}") = "AlarmWorkflow.Shared.Database", "AlarmWorkflow.Shared.Database\AlarmWorkflow.Shared.Database.csproj", "{3C514CF7-901A-4C17-BEC3-10AE11E3C012}"
EndProject
Global
	GlobalSection(SolutionConfigurationPlatforms) = preSolution
		Debug|Any CPU = Debug|Any CPU
		Release|Any CPU = Release|Any CPU
	EndGlobalSection
	GlobalSection(ProjectConfigurationPlatforms) = postSolution
		{88F5EA65-BD60-4D58-89A4-36FCBE35C4EE}.Debug|Any CPU.ActiveCfg = Debug|Any CPU
		{88F5EA65-BD60-4D58-89A4-36FCBE35C4EE}.Debug|Any CPU.Build.0 = Debug|Any CPU
		{88F5EA65-BD60-4D58-89A4-36FCBE35C4EE}.Release|Any CPU.ActiveCfg = Release|Any CPU
		{88F5EA65-BD60-4D58-89A4-36FCBE35C4EE}.Release|Any CPU.Build.0 = Release|Any CPU
		{C22ECEB2-57CC-4F41-AE02-1C10E70BE44B}.Debug|Any CPU.ActiveCfg = Debug|Any CPU
		{C22ECEB2-57CC-4F41-AE02-1C10E70BE44B}.Debug|Any CPU.Build.0 = Debug|Any CPU
		{C22ECEB2-57CC-4F41-AE02-1C10E70BE44B}.Release|Any CPU.ActiveCfg = Release|Any CPU
		{C22ECEB2-57CC-4F41-AE02-1C10E70BE44B}.Release|Any CPU.Build.0 = Release|Any CPU
		{3C514CF7-901A-4C17-BEC3-10AE11E3C012}.Debug|Any CPU.ActiveCfg = Debug|Any CPU
		{3C514CF7-901A-4C17-BEC3-10AE11E3C012}.Debug|Any CPU.Build.0 = Debug|Any CPU
		{3C514CF7-901A-4C17-BEC3-10AE11E3C012}.Release|Any CPU.ActiveCfg = Release|Any CPU
		{3C514CF7-901A-4C17-BEC3-10AE11E3C012}.Release|Any CPU.Build.0 = Release|Any CPU
	EndGlobalSection
	GlobalSection(SolutionProperties) = preSolution
		HideSolutionNode = FALSE
	EndGlobalSection
EndGlobal
