
Microsoft Visual Studio Solution File, Format Version 11.00
# Visual Studio 2010
Project("{FAE04EC0-301F-11D3-BF4B-00C04F79EFBC}") = "AlarmWorkflow.RoutePlanProvider.GoogleMapsProvider", "RoutePlanProviders\AlarmWorkflow.RoutePlanProvider.GoogleMapsProvider\AlarmWorkflow.RoutePlanProvider.GoogleMapsProvider.csproj", "{28E79901-E45B-457E-8E45-7E5EFFAD6E80}"
EndProject
Global
	GlobalSection(SolutionConfigurationPlatforms) = preSolution
		Debug|Any CPU = Debug|Any CPU
		Release|Any CPU = Release|Any CPU
	EndGlobalSection
	GlobalSection(ProjectConfigurationPlatforms) = postSolution
		{28E79901-E45B-457E-8E45-7E5EFFAD6E80}.Debug|Any CPU.ActiveCfg = Debug|Any CPU
		{28E79901-E45B-457E-8E45-7E5EFFAD6E80}.Debug|Any CPU.Build.0 = Debug|Any CPU
		{28E79901-E45B-457E-8E45-7E5EFFAD6E80}.Release|Any CPU.ActiveCfg = Release|Any CPU
		{28E79901-E45B-457E-8E45-7E5EFFAD6E80}.Release|Any CPU.Build.0 = Release|Any CPU
	EndGlobalSection
	GlobalSection(SolutionProperties) = preSolution
		HideSolutionNode = FALSE
	EndGlobalSection
EndGlobal
