
Microsoft Visual Studio Solution File, Format Version 11.00
# Visual Studio 2010
Project("{FAE04EC0-301F-11D3-BF4B-00C04F79EFBC}") = "Shared", "Shared\Shared.csproj", "{88F5EA65-BD60-4D58-89A4-36FCBE35C4EE}"
EndProject
Global
	GlobalSection(SolutionConfigurationPlatforms) = preSolution
		Debug|Any CPU = Debug|Any CPU
		Release|Any CPU = Release|Any CPU
	EndGlobalSection
	GlobalSection(ProjectConfigurationPlatforms) = postSolution
		{88F5EA65-BD60-4D58-89A4-36FCBE35C4EE}.Debug|Any CPU.ActiveCfg = Debug|Any CPU
		{88F5EA65-BD60-4D58-89A4-36FCBE35C4EE}.Debug|Any CPU.Build.0 = Debug|Any CPU
		{88F5EA65-BD60-4D58-89A4-36FCBE35C4EE}.Release|Any CPU.ActiveCfg = Release|Any CPU
		{88F5EA65-BD60-4D58-89A4-36FCBE35C4EE}.Release|Any CPU.Build.0 = Release|Any CPU
	EndGlobalSection
	GlobalSection(SolutionProperties) = preSolution
		HideSolutionNode = FALSE
	EndGlobalSection
EndGlobal
