
Microsoft Visual Studio Solution File, Format Version 11.00
# Visual Studio 2010
Project("{FAE04EC0-301F-11D3-BF4B-00C04F79EFBC}") = "Engine", "Engine\Engine.csproj", "{7504D66B-21FE-423A-BD35-F7D4B1DEC810}"
EndProject
Project("{FAE04EC0-301F-11D3-BF4B-00C04F79EFBC}") = "Settings", "Settings\Settings.csproj", "{BD279236-D4CA-4C87-981E-C7471B9F0738}"
EndProject
Project("{FAE04EC0-301F-11D3-BF4B-00C04F79EFBC}") = "SettingsContracts", "SettingsContracts\SettingsContracts.csproj", "{D70E60BA-C553-441F-BE54-C0818F35178D}"
EndProject
Project("{FAE04EC0-301F-11D3-BF4B-00C04F79EFBC}") = "EngineContracts", "EngineContracts\EngineContracts.csproj", "{212607DC-0184-4AE6-8E20-F5DBC2420E2E}"
EndProject
Project("{FAE04EC0-301F-11D3-BF4B-00C04F79EFBC}") = "ManagementContracts", "ManagementContracts\ManagementContracts.csproj", "{C15EE730-168F-4D86-AF67-4F74E116089A}"
EndProject
Project("{FAE04EC0-301F-11D3-BF4B-00C04F79EFBC}") = "Management", "Management\Management.csproj", "{6EF320FA-CA0A-4BD8-A19A-4AAC3688378A}"
EndProject
Project("{FAE04EC0-301F-11D3-BF4B-00C04F79EFBC}") = "AddressingContracts", "AddressingContracts\AddressingContracts.csproj", "{E831EFFA-1B9B-4250-9BB6-4841DCD95E85}"
EndProject
Project("{FAE04EC0-301F-11D3-BF4B-00C04F79EFBC}") = "Addressing", "Addressing\Addressing.csproj", "{4C08F812-B3F2-46B3-92C2-D589BD8FB488}"
EndProject
Project("{FAE04EC0-301F-11D3-BF4B-00C04F79EFBC}") = "SystemContracts", "SystemContracts\SystemContracts.csproj", "{722742A1-E6FD-44A0-895D-DE046B31D1DD}"
EndProject
Project("{FAE04EC0-301F-11D3-BF4B-00C04F79EFBC}") = "System", "System\System.csproj", "{51872E19-62AE-457A-A58A-4CCB39492DD1}"
EndProject
Project("{FAE04EC0-301F-11D3-BF4B-00C04F79EFBC}") = "FileTransferContracts", "FileTransferContracts\FileTransferContracts.csproj", "{8CA87188-97D0-415D-885B-E2430A709CA5}"
EndProject
Project("{FAE04EC0-301F-11D3-BF4B-00C04F79EFBC}") = "FileTransfer", "FileTransfer\FileTransfer.csproj", "{B30426A1-37DA-4BA4-A30C-B84749BDBE0C}"
EndProject
Global
	GlobalSection(SolutionConfigurationPlatforms) = preSolution
		Debug|Any CPU = Debug|Any CPU
		Release|Any CPU = Release|Any CPU
	EndGlobalSection
	GlobalSection(ProjectConfigurationPlatforms) = postSolution
		{7504D66B-21FE-423A-BD35-F7D4B1DEC810}.Debug|Any CPU.ActiveCfg = Debug|Any CPU
		{7504D66B-21FE-423A-BD35-F7D4B1DEC810}.Debug|Any CPU.Build.0 = Debug|Any CPU
		{7504D66B-21FE-423A-BD35-F7D4B1DEC810}.Release|Any CPU.ActiveCfg = Release|Any CPU
		{7504D66B-21FE-423A-BD35-F7D4B1DEC810}.Release|Any CPU.Build.0 = Release|Any CPU
		{BD279236-D4CA-4C87-981E-C7471B9F0738}.Debug|Any CPU.ActiveCfg = Debug|Any CPU
		{BD279236-D4CA-4C87-981E-C7471B9F0738}.Debug|Any CPU.Build.0 = Debug|Any CPU
		{BD279236-D4CA-4C87-981E-C7471B9F0738}.Release|Any CPU.ActiveCfg = Release|Any CPU
		{BD279236-D4CA-4C87-981E-C7471B9F0738}.Release|Any CPU.Build.0 = Release|Any CPU
		{D70E60BA-C553-441F-BE54-C0818F35178D}.Debug|Any CPU.ActiveCfg = Debug|Any CPU
		{D70E60BA-C553-441F-BE54-C0818F35178D}.Debug|Any CPU.Build.0 = Debug|Any CPU
		{D70E60BA-C553-441F-BE54-C0818F35178D}.Release|Any CPU.ActiveCfg = Release|Any CPU
		{D70E60BA-C553-441F-BE54-C0818F35178D}.Release|Any CPU.Build.0 = Release|Any CPU
		{212607DC-0184-4AE6-8E20-F5DBC2420E2E}.Debug|Any CPU.ActiveCfg = Debug|Any CPU
		{212607DC-0184-4AE6-8E20-F5DBC2420E2E}.Debug|Any CPU.Build.0 = Debug|Any CPU
		{212607DC-0184-4AE6-8E20-F5DBC2420E2E}.Release|Any CPU.ActiveCfg = Release|Any CPU
		{212607DC-0184-4AE6-8E20-F5DBC2420E2E}.Release|Any CPU.Build.0 = Release|Any CPU
		{C15EE730-168F-4D86-AF67-4F74E116089A}.Debug|Any CPU.ActiveCfg = Debug|Any CPU
		{C15EE730-168F-4D86-AF67-4F74E116089A}.Debug|Any CPU.Build.0 = Debug|Any CPU
		{C15EE730-168F-4D86-AF67-4F74E116089A}.Release|Any CPU.ActiveCfg = Release|Any CPU
		{C15EE730-168F-4D86-AF67-4F74E116089A}.Release|Any CPU.Build.0 = Release|Any CPU
		{6EF320FA-CA0A-4BD8-A19A-4AAC3688378A}.Debug|Any CPU.ActiveCfg = Debug|Any CPU
		{6EF320FA-CA0A-4BD8-A19A-4AAC3688378A}.Debug|Any CPU.Build.0 = Debug|Any CPU
		{6EF320FA-CA0A-4BD8-A19A-4AAC3688378A}.Release|Any CPU.ActiveCfg = Release|Any CPU
		{6EF320FA-CA0A-4BD8-A19A-4AAC3688378A}.Release|Any CPU.Build.0 = Release|Any CPU
		{E831EFFA-1B9B-4250-9BB6-4841DCD95E85}.Debug|Any CPU.ActiveCfg = Debug|Any CPU
		{E831EFFA-1B9B-4250-9BB6-4841DCD95E85}.Debug|Any CPU.Build.0 = Debug|Any CPU
		{E831EFFA-1B9B-4250-9BB6-4841DCD95E85}.Release|Any CPU.ActiveCfg = Release|Any CPU
		{E831EFFA-1B9B-4250-9BB6-4841DCD95E85}.Release|Any CPU.Build.0 = Release|Any CPU
		{4C08F812-B3F2-46B3-92C2-D589BD8FB488}.Debug|Any CPU.ActiveCfg = Debug|Any CPU
		{4C08F812-B3F2-46B3-92C2-D589BD8FB488}.Debug|Any CPU.Build.0 = Debug|Any CPU
		{4C08F812-B3F2-46B3-92C2-D589BD8FB488}.Release|Any CPU.ActiveCfg = Release|Any CPU
		{4C08F812-B3F2-46B3-92C2-D589BD8FB488}.Release|Any CPU.Build.0 = Release|Any CPU
		{722742A1-E6FD-44A0-895D-DE046B31D1DD}.Debug|Any CPU.ActiveCfg = Debug|Any CPU
		{722742A1-E6FD-44A0-895D-DE046B31D1DD}.Debug|Any CPU.Build.0 = Debug|Any CPU
		{722742A1-E6FD-44A0-895D-DE046B31D1DD}.Release|Any CPU.ActiveCfg = Release|Any CPU
		{722742A1-E6FD-44A0-895D-DE046B31D1DD}.Release|Any CPU.Build.0 = Release|Any CPU
		{51872E19-62AE-457A-A58A-4CCB39492DD1}.Debug|Any CPU.ActiveCfg = Debug|Any CPU
		{51872E19-62AE-457A-A58A-4CCB39492DD1}.Debug|Any CPU.Build.0 = Debug|Any CPU
		{51872E19-62AE-457A-A58A-4CCB39492DD1}.Release|Any CPU.ActiveCfg = Release|Any CPU
		{51872E19-62AE-457A-A58A-4CCB39492DD1}.Release|Any CPU.Build.0 = Release|Any CPU
		{8CA87188-97D0-415D-885B-E2430A709CA5}.Debug|Any CPU.ActiveCfg = Debug|Any CPU
		{8CA87188-97D0-415D-885B-E2430A709CA5}.Debug|Any CPU.Build.0 = Debug|Any CPU
		{8CA87188-97D0-415D-885B-E2430A709CA5}.Release|Any CPU.ActiveCfg = Release|Any CPU
		{8CA87188-97D0-415D-885B-E2430A709CA5}.Release|Any CPU.Build.0 = Release|Any CPU
		{B30426A1-37DA-4BA4-A30C-B84749BDBE0C}.Debug|Any CPU.ActiveCfg = Debug|Any CPU
		{B30426A1-37DA-4BA4-A30C-B84749BDBE0C}.Debug|Any CPU.Build.0 = Debug|Any CPU
		{B30426A1-37DA-4BA4-A30C-B84749BDBE0C}.Release|Any CPU.ActiveCfg = Release|Any CPU
		{B30426A1-37DA-4BA4-A30C-B84749BDBE0C}.Release|Any CPU.Build.0 = Release|Any CPU
	EndGlobalSection
	GlobalSection(SolutionProperties) = preSolution
		HideSolutionNode = FALSE
	EndGlobalSection
EndGlobal
