
Microsoft Visual Studio Solution File, Format Version 11.00
# Visual Studio 2010
Project("{FAE04EC0-301F-11D3-BF4B-00C04F79EFBC}") = "AddressingTests", "AddressingTests\AddressingTests.csproj", "{CCEEC994-4B82-46FD-8D3B-F355B379B18B}"
EndProject
Project("{2150E333-8FDC-42A3-9474-1A3956D46DE8}") = "Solution Items", "Solution Items", "{5FE175C8-DA3D-4F0D-9895-A88573CF1D24}"
	ProjectSection(SolutionItems) = preProject
		BackendServicesTests.vsmdi = BackendServicesTests.vsmdi
		Local.testsettings = Local.testsettings
	EndProjectSection
EndProject
Project("{FAE04EC0-301F-11D3-BF4B-00C04F79EFBC}") = "AddressingContracts", "AddressingContracts\AddressingContracts.csproj", "{E831EFFA-1B9B-4250-9BB6-4841DCD95E85}"
EndProject
Project("{FAE04EC0-301F-11D3-BF4B-00C04F79EFBC}") = "Addressing", "Addressing\Addressing.csproj", "{4C08F812-B3F2-46B3-92C2-D589BD8FB488}"
EndProject
Project("{2150E333-8FDC-42A3-9474-1A3956D46DE8}") = "Referenced projects", "Referenced projects", "{C4E37C80-31C8-42B0-891F-594B488F7117}"
EndProject
Project("{FAE04EC0-301F-11D3-BF4B-00C04F79EFBC}") = "ManagementTests", "ManagementTests\ManagementTests.csproj", "{1D050D95-910E-4213-8065-6FF4BEC4D121}"
EndProject
Global
	GlobalSection(TestCaseManagementSettings) = postSolution
		CategoryFile = AlarmWorkflow.BackendServicesTests.vsmdi
	EndGlobalSection
	GlobalSection(SolutionConfigurationPlatforms) = preSolution
		Debug|Any CPU = Debug|Any CPU
		Release|Any CPU = Release|Any CPU
	EndGlobalSection
	GlobalSection(ProjectConfigurationPlatforms) = postSolution
		{CCEEC994-4B82-46FD-8D3B-F355B379B18B}.Debug|Any CPU.ActiveCfg = Debug|Any CPU
		{CCEEC994-4B82-46FD-8D3B-F355B379B18B}.Debug|Any CPU.Build.0 = Debug|Any CPU
		{CCEEC994-4B82-46FD-8D3B-F355B379B18B}.Release|Any CPU.ActiveCfg = Release|Any CPU
		{CCEEC994-4B82-46FD-8D3B-F355B379B18B}.Release|Any CPU.Build.0 = Release|Any CPU
		{E831EFFA-1B9B-4250-9BB6-4841DCD95E85}.Debug|Any CPU.ActiveCfg = Debug|Any CPU
		{E831EFFA-1B9B-4250-9BB6-4841DCD95E85}.Debug|Any CPU.Build.0 = Debug|Any CPU
		{E831EFFA-1B9B-4250-9BB6-4841DCD95E85}.Release|Any CPU.ActiveCfg = Release|Any CPU
		{E831EFFA-1B9B-4250-9BB6-4841DCD95E85}.Release|Any CPU.Build.0 = Release|Any CPU
		{4C08F812-B3F2-46B3-92C2-D589BD8FB488}.Debug|Any CPU.ActiveCfg = Debug|Any CPU
		{4C08F812-B3F2-46B3-92C2-D589BD8FB488}.Debug|Any CPU.Build.0 = Debug|Any CPU
		{4C08F812-B3F2-46B3-92C2-D589BD8FB488}.Release|Any CPU.ActiveCfg = Release|Any CPU
		{4C08F812-B3F2-46B3-92C2-D589BD8FB488}.Release|Any CPU.Build.0 = Release|Any CPU
		{1D050D95-910E-4213-8065-6FF4BEC4D121}.Debug|Any CPU.ActiveCfg = Debug|Any CPU
		{1D050D95-910E-4213-8065-6FF4BEC4D121}.Debug|Any CPU.Build.0 = Debug|Any CPU
		{1D050D95-910E-4213-8065-6FF4BEC4D121}.Release|Any CPU.ActiveCfg = Release|Any CPU
		{1D050D95-910E-4213-8065-6FF4BEC4D121}.Release|Any CPU.Build.0 = Release|Any CPU
	EndGlobalSection
	GlobalSection(SolutionProperties) = preSolution
		HideSolutionNode = FALSE
	EndGlobalSection
	GlobalSection(NestedProjects) = preSolution
		{4C08F812-B3F2-46B3-92C2-D589BD8FB488} = {C4E37C80-31C8-42B0-891F-594B488F7117}
		{E831EFFA-1B9B-4250-9BB6-4841DCD95E85} = {C4E37C80-31C8-42B0-891F-594B488F7117}
	EndGlobalSection
EndGlobal
