
Microsoft Visual Studio Solution File, Format Version 11.00
# Visual Studio 2010
Project("{FAE04EC0-301F-11D3-BF4B-00C04F79EFBC}") = "Fax", "Fax\Fax.csproj", "{32F1988F-1EBF-476E-A882-A7145267C5DB}"
EndProject
Project("{FAE04EC0-301F-11D3-BF4B-00C04F79EFBC}") = "Sms", "Sms\Sms.csproj", "{F8AB12D3-A2D6-4208-8029-8C51BE8BC203}"
EndProject
Project("{FAE04EC0-301F-11D3-BF4B-00C04F79EFBC}") = "Mail", "Mail\Mail.csproj", "{02413C11-2F8A-404E-9D66-40AE7ED13283}"
EndProject
Global
	GlobalSection(SolutionConfigurationPlatforms) = preSolution
		Debug|Any CPU = Debug|Any CPU
		Release|Any CPU = Release|Any CPU
	EndGlobalSection
	GlobalSection(ProjectConfigurationPlatforms) = postSolution
		{32F1988F-1EBF-476E-A882-A7145267C5DB}.Debug|Any CPU.ActiveCfg = Debug|Any CPU
		{32F1988F-1EBF-476E-A882-A7145267C5DB}.Debug|Any CPU.Build.0 = Debug|Any CPU
		{32F1988F-1EBF-476E-A882-A7145267C5DB}.Release|Any CPU.ActiveCfg = Release|Any CPU
		{32F1988F-1EBF-476E-A882-A7145267C5DB}.Release|Any CPU.Build.0 = Release|Any CPU
		{F8AB12D3-A2D6-4208-8029-8C51BE8BC203}.Debug|Any CPU.ActiveCfg = Debug|Any CPU
		{F8AB12D3-A2D6-4208-8029-8C51BE8BC203}.Debug|Any CPU.Build.0 = Debug|Any CPU
		{F8AB12D3-A2D6-4208-8029-8C51BE8BC203}.Release|Any CPU.ActiveCfg = Release|Any CPU
		{F8AB12D3-A2D6-4208-8029-8C51BE8BC203}.Release|Any CPU.Build.0 = Release|Any CPU
		{02413C11-2F8A-404E-9D66-40AE7ED13283}.Debug|Any CPU.ActiveCfg = Debug|Any CPU
		{02413C11-2F8A-404E-9D66-40AE7ED13283}.Debug|Any CPU.Build.0 = Debug|Any CPU
		{02413C11-2F8A-404E-9D66-40AE7ED13283}.Release|Any CPU.ActiveCfg = Release|Any CPU
		{02413C11-2F8A-404E-9D66-40AE7ED13283}.Release|Any CPU.Build.0 = Release|Any CPU
	EndGlobalSection
	GlobalSection(SolutionProperties) = preSolution
		HideSolutionNode = FALSE
	EndGlobalSection
EndGlobal
